// !$*UTF8*$!
{
	archiveVersion = 1;
	classes = {
	};
	objectVersion = 55;
	objects = {

/* Begin PBXBuildFile section */
		9F2928872880B8D400DAD9E9 /* CleanApp.swift in Sources */ = {isa = PBXBuildFile; fileRef = 9F2928862880B8D400DAD9E9 /* CleanApp.swift */; };
		9F29288B2880B8D600DAD9E9 /* Assets.xcassets in Resources */ = {isa = PBXBuildFile; fileRef = 9F29288A2880B8D600DAD9E9 /* Assets.xcassets */; };
		9F29288E2880B8D600DAD9E9 /* Preview Assets.xcassets in Resources */ = {isa = PBXBuildFile; fileRef = 9F29288D2880B8D600DAD9E9 /* Preview Assets.xcassets */; };
		9F2928A52880BF1800DAD9E9 /* NumberFactory.swift in Sources */ = {isa = PBXBuildFile; fileRef = 9F2928A42880BF1800DAD9E9 /* NumberFactory.swift */; };
		9F2929682882043000DAD9E9 /* Entities.docc in Sources */ = {isa = PBXBuildFile; fileRef = 9F2929672882043000DAD9E9 /* Entities.docc */; };
		9F29296E2882043100DAD9E9 /* Entities.framework in Frameworks */ = {isa = PBXBuildFile; fileRef = 9F2929642882043000DAD9E9 /* Entities.framework */; };
		9F2929732882043100DAD9E9 /* EntitiesTests.swift in Sources */ = {isa = PBXBuildFile; fileRef = 9F2929722882043100DAD9E9 /* EntitiesTests.swift */; };
		9F2929742882043100DAD9E9 /* Entities.h in Headers */ = {isa = PBXBuildFile; fileRef = 9F2929662882043000DAD9E9 /* Entities.h */; settings = {ATTRIBUTES = (Public, ); }; };
		9F29297B2882043B00DAD9E9 /* Number.swift in Sources */ = {isa = PBXBuildFile; fileRef = 9F29289D2880BA7800DAD9E9 /* Number.swift */; };
		9F2929852882044D00DAD9E9 /* Presenters.docc in Sources */ = {isa = PBXBuildFile; fileRef = 9F2929842882044D00DAD9E9 /* Presenters.docc */; };
		9F29298B2882044D00DAD9E9 /* Presenters.framework in Frameworks */ = {isa = PBXBuildFile; fileRef = 9F2929812882044D00DAD9E9 /* Presenters.framework */; };
		9F2929902882044D00DAD9E9 /* PresentersTests.swift in Sources */ = {isa = PBXBuildFile; fileRef = 9F29298F2882044D00DAD9E9 /* PresentersTests.swift */; };
		9F2929912882044D00DAD9E9 /* Presenters.h in Headers */ = {isa = PBXBuildFile; fileRef = 9F2929832882044D00DAD9E9 /* Presenters.h */; settings = {ATTRIBUTES = (Public, ); }; };
		9F2929982882045400DAD9E9 /* NumberView.swift in Sources */ = {isa = PBXBuildFile; fileRef = 9F2928E52882001C00DAD9E9 /* NumberView.swift */; };
		9F2929992882045400DAD9E9 /* NumberPresenter.swift in Sources */ = {isa = PBXBuildFile; fileRef = 9F2928E72882002C00DAD9E9 /* NumberPresenter.swift */; };
		9F2929A32882046200DAD9E9 /* UseCases.docc in Sources */ = {isa = PBXBuildFile; fileRef = 9F2929A22882046200DAD9E9 /* UseCases.docc */; };
		9F2929A92882046200DAD9E9 /* UseCases.framework in Frameworks */ = {isa = PBXBuildFile; fileRef = 9F29299F2882046200DAD9E9 /* UseCases.framework */; };
		9F2929AF2882046300DAD9E9 /* UseCases.h in Headers */ = {isa = PBXBuildFile; fileRef = 9F2929A12882046200DAD9E9 /* UseCases.h */; settings = {ATTRIBUTES = (Public, ); }; };
		9F2929B62882046800DAD9E9 /* IncrementNumberInteractor.swift in Sources */ = {isa = PBXBuildFile; fileRef = 9F29289B2880BA5600DAD9E9 /* IncrementNumberInteractor.swift */; };
		9F2929B72882046800DAD9E9 /* DecrementNumberInteractor.swift in Sources */ = {isa = PBXBuildFile; fileRef = 9F29289F2880BACA00DAD9E9 /* DecrementNumberInteractor.swift */; };
		9F2929C12882047600DAD9E9 /* SwiftUIView.docc in Sources */ = {isa = PBXBuildFile; fileRef = 9F2929C02882047600DAD9E9 /* SwiftUIView.docc */; };
		9F2929C72882047600DAD9E9 /* SwiftUIView.framework in Frameworks */ = {isa = PBXBuildFile; fileRef = 9F2929BD2882047600DAD9E9 /* SwiftUIView.framework */; };
		9F2929CC2882047600DAD9E9 /* SwiftUIViewTests.swift in Sources */ = {isa = PBXBuildFile; fileRef = 9F2929CB2882047600DAD9E9 /* SwiftUIViewTests.swift */; };
		9F2929CD2882047600DAD9E9 /* SwiftUIView.h in Headers */ = {isa = PBXBuildFile; fileRef = 9F2929BF2882047600DAD9E9 /* SwiftUIView.h */; settings = {ATTRIBUTES = (Public, ); }; };
		9F2929D42882049D00DAD9E9 /* NumbersViewModel.swift in Sources */ = {isa = PBXBuildFile; fileRef = 9F2928992880B97400DAD9E9 /* NumbersViewModel.swift */; };
		9F2929D52882049D00DAD9E9 /* NumbersView.swift in Sources */ = {isa = PBXBuildFile; fileRef = 9F2928882880B8D400DAD9E9 /* NumbersView.swift */; };
		9F2929D6288204BC00DAD9E9 /* Entities.framework in Frameworks */ = {isa = PBXBuildFile; fileRef = 9F2929642882043000DAD9E9 /* Entities.framework */; };
		9F2929D7288204BC00DAD9E9 /* Entities.framework in Embed Frameworks */ = {isa = PBXBuildFile; fileRef = 9F2929642882043000DAD9E9 /* Entities.framework */; settings = {ATTRIBUTES = (CodeSignOnCopy, RemoveHeadersOnCopy, ); }; };
		9F2929DA288204BC00DAD9E9 /* Presenters.framework in Frameworks */ = {isa = PBXBuildFile; fileRef = 9F2929812882044D00DAD9E9 /* Presenters.framework */; };
		9F2929DB288204BC00DAD9E9 /* Presenters.framework in Embed Frameworks */ = {isa = PBXBuildFile; fileRef = 9F2929812882044D00DAD9E9 /* Presenters.framework */; settings = {ATTRIBUTES = (CodeSignOnCopy, RemoveHeadersOnCopy, ); }; };
		9F2929DE288204BC00DAD9E9 /* SwiftUIView.framework in Frameworks */ = {isa = PBXBuildFile; fileRef = 9F2929BD2882047600DAD9E9 /* SwiftUIView.framework */; };
		9F2929DF288204BC00DAD9E9 /* SwiftUIView.framework in Embed Frameworks */ = {isa = PBXBuildFile; fileRef = 9F2929BD2882047600DAD9E9 /* SwiftUIView.framework */; settings = {ATTRIBUTES = (CodeSignOnCopy, RemoveHeadersOnCopy, ); }; };
		9F2929E2288204BC00DAD9E9 /* UseCases.framework in Frameworks */ = {isa = PBXBuildFile; fileRef = 9F29299F2882046200DAD9E9 /* UseCases.framework */; };
		9F2929E3288204BC00DAD9E9 /* UseCases.framework in Embed Frameworks */ = {isa = PBXBuildFile; fileRef = 9F29299F2882046200DAD9E9 /* UseCases.framework */; settings = {ATTRIBUTES = (CodeSignOnCopy, RemoveHeadersOnCopy, ); }; };
		9F2929EF288208FC00DAD9E9 /* XibView.docc in Sources */ = {isa = PBXBuildFile; fileRef = 9F2929EE288208FC00DAD9E9 /* XibView.docc */; };
		9F2929F5288208FD00DAD9E9 /* XibView.framework in Frameworks */ = {isa = PBXBuildFile; fileRef = 9F2929EB288208FC00DAD9E9 /* XibView.framework */; };
		9F2929FA288208FD00DAD9E9 /* XibViewTests.swift in Sources */ = {isa = PBXBuildFile; fileRef = 9F2929F9288208FD00DAD9E9 /* XibViewTests.swift */; };
		9F2929FB288208FD00DAD9E9 /* XibView.h in Headers */ = {isa = PBXBuildFile; fileRef = 9F2929ED288208FC00DAD9E9 /* XibView.h */; settings = {ATTRIBUTES = (Public, ); }; };
		9F292A042882091B00DAD9E9 /* NumbersViewController.swift in Sources */ = {isa = PBXBuildFile; fileRef = 9F292A022882091B00DAD9E9 /* NumbersViewController.swift */; };
		9F292A052882091B00DAD9E9 /* NumbersViewController.xib in Resources */ = {isa = PBXBuildFile; fileRef = 9F292A032882091B00DAD9E9 /* NumbersViewController.xib */; };
		9F292A06288209EC00DAD9E9 /* XibView.framework in Frameworks */ = {isa = PBXBuildFile; fileRef = 9F2929EB288208FC00DAD9E9 /* XibView.framework */; };
		9F292A07288209EC00DAD9E9 /* XibView.framework in Embed Frameworks */ = {isa = PBXBuildFile; fileRef = 9F2929EB288208FC00DAD9E9 /* XibView.framework */; settings = {ATTRIBUTES = (CodeSignOnCopy, RemoveHeadersOnCopy, ); }; };
		9F292A0F28820C3100DAD9E9 /* Presenters.framework in Frameworks */ = {isa = PBXBuildFile; fileRef = 9F2929812882044D00DAD9E9 /* Presenters.framework */; };
		9F292A1428820C3B00DAD9E9 /* Presenters.framework in Frameworks */ = {isa = PBXBuildFile; fileRef = 9F2929812882044D00DAD9E9 /* Presenters.framework */; };
		9F292A1928820C4500DAD9E9 /* Entities.framework in Frameworks */ = {isa = PBXBuildFile; fileRef = 9F2929642882043000DAD9E9 /* Entities.framework */; };
		9F292A1E2883044C00DAD9E9 /* Entities.framework in Frameworks */ = {isa = PBXBuildFile; fileRef = 9F2929642882043000DAD9E9 /* Entities.framework */; };
		9F292A1F2883044C00DAD9E9 /* Entities.framework in Embed Frameworks */ = {isa = PBXBuildFile; fileRef = 9F2929642882043000DAD9E9 /* Entities.framework */; settings = {ATTRIBUTES = (CodeSignOnCopy, RemoveHeadersOnCopy, ); }; };
		9F292A24288304B500DAD9E9 /* IncrementNumberInteractorTests.swift in Sources */ = {isa = PBXBuildFile; fileRef = 9F292A23288304B500DAD9E9 /* IncrementNumberInteractorTests.swift */; };
		9F292A262883057800DAD9E9 /* DecrementNumberInteractorTests.swift in Sources */ = {isa = PBXBuildFile; fileRef = 9F292A252883057800DAD9E9 /* DecrementNumberInteractorTests.swift */; };
/* End PBXBuildFile section */

/* Begin PBXContainerItemProxy section */
		9F29296F2882043100DAD9E9 /* PBXContainerItemProxy */ = {
			isa = PBXContainerItemProxy;
			containerPortal = 9F29287B2880B8D400DAD9E9 /* Project object */;
			proxyType = 1;
			remoteGlobalIDString = 9F2929632882043000DAD9E9;
			remoteInfo = Entities;
		};
		9F29298C2882044D00DAD9E9 /* PBXContainerItemProxy */ = {
			isa = PBXContainerItemProxy;
			containerPortal = 9F29287B2880B8D400DAD9E9 /* Project object */;
			proxyType = 1;
			remoteGlobalIDString = 9F2929802882044D00DAD9E9;
			remoteInfo = Presenters;
		};
		9F2929AA2882046200DAD9E9 /* PBXContainerItemProxy */ = {
			isa = PBXContainerItemProxy;
			containerPortal = 9F29287B2880B8D400DAD9E9 /* Project object */;
			proxyType = 1;
			remoteGlobalIDString = 9F29299E2882046200DAD9E9;
			remoteInfo = UseCases;
		};
		9F2929C82882047600DAD9E9 /* PBXContainerItemProxy */ = {
			isa = PBXContainerItemProxy;
			containerPortal = 9F29287B2880B8D400DAD9E9 /* Project object */;
			proxyType = 1;
			remoteGlobalIDString = 9F2929BC2882047600DAD9E9;
			remoteInfo = SwiftUIView;
		};
		9F2929D8288204BC00DAD9E9 /* PBXContainerItemProxy */ = {
			isa = PBXContainerItemProxy;
			containerPortal = 9F29287B2880B8D400DAD9E9 /* Project object */;
			proxyType = 1;
			remoteGlobalIDString = 9F2929632882043000DAD9E9;
			remoteInfo = Entities;
		};
		9F2929DC288204BC00DAD9E9 /* PBXContainerItemProxy */ = {
			isa = PBXContainerItemProxy;
			containerPortal = 9F29287B2880B8D400DAD9E9 /* Project object */;
			proxyType = 1;
			remoteGlobalIDString = 9F2929802882044D00DAD9E9;
			remoteInfo = Presenters;
		};
		9F2929E0288204BC00DAD9E9 /* PBXContainerItemProxy */ = {
			isa = PBXContainerItemProxy;
			containerPortal = 9F29287B2880B8D400DAD9E9 /* Project object */;
			proxyType = 1;
			remoteGlobalIDString = 9F2929BC2882047600DAD9E9;
			remoteInfo = SwiftUIView;
		};
		9F2929E4288204BC00DAD9E9 /* PBXContainerItemProxy */ = {
			isa = PBXContainerItemProxy;
			containerPortal = 9F29287B2880B8D400DAD9E9 /* Project object */;
			proxyType = 1;
			remoteGlobalIDString = 9F29299E2882046200DAD9E9;
			remoteInfo = UseCases;
		};
		9F2929F6288208FD00DAD9E9 /* PBXContainerItemProxy */ = {
			isa = PBXContainerItemProxy;
			containerPortal = 9F29287B2880B8D400DAD9E9 /* Project object */;
			proxyType = 1;
			remoteGlobalIDString = 9F2929EA288208FC00DAD9E9;
			remoteInfo = XibView;
		};
		9F292A08288209EC00DAD9E9 /* PBXContainerItemProxy */ = {
			isa = PBXContainerItemProxy;
			containerPortal = 9F29287B2880B8D400DAD9E9 /* Project object */;
			proxyType = 1;
			remoteGlobalIDString = 9F2929EA288208FC00DAD9E9;
			remoteInfo = XibView;
		};
		9F292A1128820C3100DAD9E9 /* PBXContainerItemProxy */ = {
			isa = PBXContainerItemProxy;
			containerPortal = 9F29287B2880B8D400DAD9E9 /* Project object */;
			proxyType = 1;
			remoteGlobalIDString = 9F2929802882044D00DAD9E9;
			remoteInfo = Presenters;
		};
		9F292A1628820C3B00DAD9E9 /* PBXContainerItemProxy */ = {
			isa = PBXContainerItemProxy;
			containerPortal = 9F29287B2880B8D400DAD9E9 /* Project object */;
			proxyType = 1;
			remoteGlobalIDString = 9F2929802882044D00DAD9E9;
			remoteInfo = Presenters;
		};
		9F292A1B28820C4500DAD9E9 /* PBXContainerItemProxy */ = {
			isa = PBXContainerItemProxy;
			containerPortal = 9F29287B2880B8D400DAD9E9 /* Project object */;
			proxyType = 1;
			remoteGlobalIDString = 9F2929632882043000DAD9E9;
			remoteInfo = Entities;
		};
		9F292A202883044C00DAD9E9 /* PBXContainerItemProxy */ = {
			isa = PBXContainerItemProxy;
			containerPortal = 9F29287B2880B8D400DAD9E9 /* Project object */;
			proxyType = 1;
			remoteGlobalIDString = 9F2929632882043000DAD9E9;
			remoteInfo = Entities;
		};
/* End PBXContainerItemProxy section */

/* Begin PBXCopyFilesBuildPhase section */
		9F2928C82881FEBD00DAD9E9 /* Embed Frameworks */ = {
			isa = PBXCopyFilesBuildPhase;
			buildActionMask = 2147483647;
			dstPath = "";
			dstSubfolderSpec = 10;
			files = (
				9F2929DF288204BC00DAD9E9 /* SwiftUIView.framework in Embed Frameworks */,
				9F292A07288209EC00DAD9E9 /* XibView.framework in Embed Frameworks */,
				9F2929D7288204BC00DAD9E9 /* Entities.framework in Embed Frameworks */,
				9F2929E3288204BC00DAD9E9 /* UseCases.framework in Embed Frameworks */,
				9F2929DB288204BC00DAD9E9 /* Presenters.framework in Embed Frameworks */,
			);
			name = "Embed Frameworks";
			runOnlyForDeploymentPostprocessing = 0;
		};
		9F292A222883044C00DAD9E9 /* Embed Frameworks */ = {
			isa = PBXCopyFilesBuildPhase;
			buildActionMask = 2147483647;
			dstPath = "";
			dstSubfolderSpec = 10;
			files = (
				9F292A1F2883044C00DAD9E9 /* Entities.framework in Embed Frameworks */,
			);
			name = "Embed Frameworks";
			runOnlyForDeploymentPostprocessing = 0;
		};
/* End PBXCopyFilesBuildPhase section */

/* Begin PBXFileReference section */
		9F2928832880B8D400DAD9E9 /* Clean.app */ = {isa = PBXFileReference; explicitFileType = wrapper.application; includeInIndex = 0; path = Clean.app; sourceTree = BUILT_PRODUCTS_DIR; };
		9F2928862880B8D400DAD9E9 /* CleanApp.swift */ = {isa = PBXFileReference; lastKnownFileType = sourcecode.swift; path = CleanApp.swift; sourceTree = "<group>"; };
		9F2928882880B8D400DAD9E9 /* NumbersView.swift */ = {isa = PBXFileReference; lastKnownFileType = sourcecode.swift; path = NumbersView.swift; sourceTree = "<group>"; };
		9F29288A2880B8D600DAD9E9 /* Assets.xcassets */ = {isa = PBXFileReference; lastKnownFileType = folder.assetcatalog; path = Assets.xcassets; sourceTree = "<group>"; };
		9F29288D2880B8D600DAD9E9 /* Preview Assets.xcassets */ = {isa = PBXFileReference; lastKnownFileType = folder.assetcatalog; path = "Preview Assets.xcassets"; sourceTree = "<group>"; };
		9F2928992880B97400DAD9E9 /* NumbersViewModel.swift */ = {isa = PBXFileReference; lastKnownFileType = sourcecode.swift; path = NumbersViewModel.swift; sourceTree = "<group>"; };
		9F29289B2880BA5600DAD9E9 /* IncrementNumberInteractor.swift */ = {isa = PBXFileReference; lastKnownFileType = sourcecode.swift; path = IncrementNumberInteractor.swift; sourceTree = "<group>"; };
		9F29289D2880BA7800DAD9E9 /* Number.swift */ = {isa = PBXFileReference; lastKnownFileType = sourcecode.swift; path = Number.swift; sourceTree = "<group>"; };
		9F29289F2880BACA00DAD9E9 /* DecrementNumberInteractor.swift */ = {isa = PBXFileReference; lastKnownFileType = sourcecode.swift; path = DecrementNumberInteractor.swift; sourceTree = "<group>"; };
		9F2928A42880BF1800DAD9E9 /* NumberFactory.swift */ = {isa = PBXFileReference; lastKnownFileType = sourcecode.swift; path = NumberFactory.swift; sourceTree = "<group>"; };
		9F2928E52882001C00DAD9E9 /* NumberView.swift */ = {isa = PBXFileReference; lastKnownFileType = sourcecode.swift; path = NumberView.swift; sourceTree = "<group>"; };
		9F2928E72882002C00DAD9E9 /* NumberPresenter.swift */ = {isa = PBXFileReference; lastKnownFileType = sourcecode.swift; path = NumberPresenter.swift; sourceTree = "<group>"; };
		9F2929642882043000DAD9E9 /* Entities.framework */ = {isa = PBXFileReference; explicitFileType = wrapper.framework; includeInIndex = 0; path = Entities.framework; sourceTree = BUILT_PRODUCTS_DIR; };
		9F2929662882043000DAD9E9 /* Entities.h */ = {isa = PBXFileReference; lastKnownFileType = sourcecode.c.h; path = Entities.h; sourceTree = "<group>"; };
		9F2929672882043000DAD9E9 /* Entities.docc */ = {isa = PBXFileReference; lastKnownFileType = folder.documentationcatalog; path = Entities.docc; sourceTree = "<group>"; };
		9F29296D2882043100DAD9E9 /* EntitiesTests.xctest */ = {isa = PBXFileReference; explicitFileType = wrapper.cfbundle; includeInIndex = 0; path = EntitiesTests.xctest; sourceTree = BUILT_PRODUCTS_DIR; };
		9F2929722882043100DAD9E9 /* EntitiesTests.swift */ = {isa = PBXFileReference; lastKnownFileType = sourcecode.swift; path = EntitiesTests.swift; sourceTree = "<group>"; };
		9F2929812882044D00DAD9E9 /* Presenters.framework */ = {isa = PBXFileReference; explicitFileType = wrapper.framework; includeInIndex = 0; path = Presenters.framework; sourceTree = BUILT_PRODUCTS_DIR; };
		9F2929832882044D00DAD9E9 /* Presenters.h */ = {isa = PBXFileReference; lastKnownFileType = sourcecode.c.h; path = Presenters.h; sourceTree = "<group>"; };
		9F2929842882044D00DAD9E9 /* Presenters.docc */ = {isa = PBXFileReference; lastKnownFileType = folder.documentationcatalog; path = Presenters.docc; sourceTree = "<group>"; };
		9F29298A2882044D00DAD9E9 /* PresentersTests.xctest */ = {isa = PBXFileReference; explicitFileType = wrapper.cfbundle; includeInIndex = 0; path = PresentersTests.xctest; sourceTree = BUILT_PRODUCTS_DIR; };
		9F29298F2882044D00DAD9E9 /* PresentersTests.swift */ = {isa = PBXFileReference; lastKnownFileType = sourcecode.swift; path = PresentersTests.swift; sourceTree = "<group>"; };
		9F29299F2882046200DAD9E9 /* UseCases.framework */ = {isa = PBXFileReference; explicitFileType = wrapper.framework; includeInIndex = 0; path = UseCases.framework; sourceTree = BUILT_PRODUCTS_DIR; };
		9F2929A12882046200DAD9E9 /* UseCases.h */ = {isa = PBXFileReference; lastKnownFileType = sourcecode.c.h; path = UseCases.h; sourceTree = "<group>"; };
		9F2929A22882046200DAD9E9 /* UseCases.docc */ = {isa = PBXFileReference; lastKnownFileType = folder.documentationcatalog; path = UseCases.docc; sourceTree = "<group>"; };
		9F2929A82882046200DAD9E9 /* UseCasesTests.xctest */ = {isa = PBXFileReference; explicitFileType = wrapper.cfbundle; includeInIndex = 0; path = UseCasesTests.xctest; sourceTree = BUILT_PRODUCTS_DIR; };
		9F2929BD2882047600DAD9E9 /* SwiftUIView.framework */ = {isa = PBXFileReference; explicitFileType = wrapper.framework; includeInIndex = 0; path = SwiftUIView.framework; sourceTree = BUILT_PRODUCTS_DIR; };
		9F2929BF2882047600DAD9E9 /* SwiftUIView.h */ = {isa = PBXFileReference; lastKnownFileType = sourcecode.c.h; path = SwiftUIView.h; sourceTree = "<group>"; };
		9F2929C02882047600DAD9E9 /* SwiftUIView.docc */ = {isa = PBXFileReference; lastKnownFileType = folder.documentationcatalog; path = SwiftUIView.docc; sourceTree = "<group>"; };
		9F2929C62882047600DAD9E9 /* SwiftUIViewTests.xctest */ = {isa = PBXFileReference; explicitFileType = wrapper.cfbundle; includeInIndex = 0; path = SwiftUIViewTests.xctest; sourceTree = BUILT_PRODUCTS_DIR; };
		9F2929CB2882047600DAD9E9 /* SwiftUIViewTests.swift */ = {isa = PBXFileReference; lastKnownFileType = sourcecode.swift; path = SwiftUIViewTests.swift; sourceTree = "<group>"; };
		9F2929EB288208FC00DAD9E9 /* XibView.framework */ = {isa = PBXFileReference; explicitFileType = wrapper.framework; includeInIndex = 0; path = XibView.framework; sourceTree = BUILT_PRODUCTS_DIR; };
		9F2929ED288208FC00DAD9E9 /* XibView.h */ = {isa = PBXFileReference; lastKnownFileType = sourcecode.c.h; path = XibView.h; sourceTree = "<group>"; };
		9F2929EE288208FC00DAD9E9 /* XibView.docc */ = {isa = PBXFileReference; lastKnownFileType = folder.documentationcatalog; path = XibView.docc; sourceTree = "<group>"; };
		9F2929F4288208FC00DAD9E9 /* XibViewTests.xctest */ = {isa = PBXFileReference; explicitFileType = wrapper.cfbundle; includeInIndex = 0; path = XibViewTests.xctest; sourceTree = BUILT_PRODUCTS_DIR; };
		9F2929F9288208FD00DAD9E9 /* XibViewTests.swift */ = {isa = PBXFileReference; lastKnownFileType = sourcecode.swift; path = XibViewTests.swift; sourceTree = "<group>"; };
		9F292A022882091B00DAD9E9 /* NumbersViewController.swift */ = {isa = PBXFileReference; lastKnownFileType = sourcecode.swift; path = NumbersViewController.swift; sourceTree = "<group>"; };
		9F292A032882091B00DAD9E9 /* NumbersViewController.xib */ = {isa = PBXFileReference; lastKnownFileType = file.xib; path = NumbersViewController.xib; sourceTree = "<group>"; };
		9F292A23288304B500DAD9E9 /* IncrementNumberInteractorTests.swift */ = {isa = PBXFileReference; lastKnownFileType = sourcecode.swift; path = IncrementNumberInteractorTests.swift; sourceTree = "<group>"; };
		9F292A252883057800DAD9E9 /* DecrementNumberInteractorTests.swift */ = {isa = PBXFileReference; lastKnownFileType = sourcecode.swift; path = DecrementNumberInteractorTests.swift; sourceTree = "<group>"; };
/* End PBXFileReference section */

/* Begin PBXFrameworksBuildPhase section */
		9F2928802880B8D400DAD9E9 /* Frameworks */ = {
			isa = PBXFrameworksBuildPhase;
			buildActionMask = 2147483647;
			files = (
				9F2929DE288204BC00DAD9E9 /* SwiftUIView.framework in Frameworks */,
				9F292A06288209EC00DAD9E9 /* XibView.framework in Frameworks */,
				9F2929D6288204BC00DAD9E9 /* Entities.framework in Frameworks */,
				9F2929E2288204BC00DAD9E9 /* UseCases.framework in Frameworks */,
				9F2929DA288204BC00DAD9E9 /* Presenters.framework in Frameworks */,
			);
			runOnlyForDeploymentPostprocessing = 0;
		};
		9F2929612882043000DAD9E9 /* Frameworks */ = {
			isa = PBXFrameworksBuildPhase;
			buildActionMask = 2147483647;
			files = (
			);
			runOnlyForDeploymentPostprocessing = 0;
		};
		9F29296A2882043100DAD9E9 /* Frameworks */ = {
			isa = PBXFrameworksBuildPhase;
			buildActionMask = 2147483647;
			files = (
				9F29296E2882043100DAD9E9 /* Entities.framework in Frameworks */,
			);
			runOnlyForDeploymentPostprocessing = 0;
		};
		9F29297E2882044D00DAD9E9 /* Frameworks */ = {
			isa = PBXFrameworksBuildPhase;
			buildActionMask = 2147483647;
			files = (
				9F292A1E2883044C00DAD9E9 /* Entities.framework in Frameworks */,
			);
			runOnlyForDeploymentPostprocessing = 0;
		};
		9F2929872882044D00DAD9E9 /* Frameworks */ = {
			isa = PBXFrameworksBuildPhase;
			buildActionMask = 2147483647;
			files = (
				9F29298B2882044D00DAD9E9 /* Presenters.framework in Frameworks */,
			);
			runOnlyForDeploymentPostprocessing = 0;
		};
		9F29299C2882046200DAD9E9 /* Frameworks */ = {
			isa = PBXFrameworksBuildPhase;
			buildActionMask = 2147483647;
			files = (
				9F292A1928820C4500DAD9E9 /* Entities.framework in Frameworks */,
			);
			runOnlyForDeploymentPostprocessing = 0;
		};
		9F2929A52882046200DAD9E9 /* Frameworks */ = {
			isa = PBXFrameworksBuildPhase;
			buildActionMask = 2147483647;
			files = (
				9F2929A92882046200DAD9E9 /* UseCases.framework in Frameworks */,
			);
			runOnlyForDeploymentPostprocessing = 0;
		};
		9F2929BA2882047600DAD9E9 /* Frameworks */ = {
			isa = PBXFrameworksBuildPhase;
			buildActionMask = 2147483647;
			files = (
				9F292A1428820C3B00DAD9E9 /* Presenters.framework in Frameworks */,
			);
			runOnlyForDeploymentPostprocessing = 0;
		};
		9F2929C32882047600DAD9E9 /* Frameworks */ = {
			isa = PBXFrameworksBuildPhase;
			buildActionMask = 2147483647;
			files = (
				9F2929C72882047600DAD9E9 /* SwiftUIView.framework in Frameworks */,
			);
			runOnlyForDeploymentPostprocessing = 0;
		};
		9F2929E8288208FC00DAD9E9 /* Frameworks */ = {
			isa = PBXFrameworksBuildPhase;
			buildActionMask = 2147483647;
			files = (
				9F292A0F28820C3100DAD9E9 /* Presenters.framework in Frameworks */,
			);
			runOnlyForDeploymentPostprocessing = 0;
		};
		9F2929F1288208FC00DAD9E9 /* Frameworks */ = {
			isa = PBXFrameworksBuildPhase;
			buildActionMask = 2147483647;
			files = (
				9F2929F5288208FD00DAD9E9 /* XibView.framework in Frameworks */,
			);
			runOnlyForDeploymentPostprocessing = 0;
		};
/* End PBXFrameworksBuildPhase section */

/* Begin PBXGroup section */
		9F29287A2880B8D400DAD9E9 = {
			isa = PBXGroup;
			children = (
				9F2928852880B8D400DAD9E9 /* Clean */,
				9F2929652882043000DAD9E9 /* Entities */,
				9F2929712882043100DAD9E9 /* EntitiesTests */,
				9F2929822882044D00DAD9E9 /* Presenters */,
				9F29298E2882044D00DAD9E9 /* PresentersTests */,
				9F2929A02882046200DAD9E9 /* UseCases */,
				9F2929AC2882046200DAD9E9 /* UseCasesTests */,
				9F2929BE2882047600DAD9E9 /* SwiftUIView */,
				9F2929CA2882047600DAD9E9 /* SwiftUIViewTests */,
				9F2929EC288208FC00DAD9E9 /* XibView */,
				9F2929F8288208FD00DAD9E9 /* XibViewTests */,
				9F2928842880B8D400DAD9E9 /* Products */,
				9F2928C32881FEBD00DAD9E9 /* Frameworks */,
			);
			sourceTree = "<group>";
		};
		9F2928842880B8D400DAD9E9 /* Products */ = {
			isa = PBXGroup;
			children = (
				9F2928832880B8D400DAD9E9 /* Clean.app */,
				9F2929642882043000DAD9E9 /* Entities.framework */,
				9F29296D2882043100DAD9E9 /* EntitiesTests.xctest */,
				9F2929812882044D00DAD9E9 /* Presenters.framework */,
				9F29298A2882044D00DAD9E9 /* PresentersTests.xctest */,
				9F29299F2882046200DAD9E9 /* UseCases.framework */,
				9F2929A82882046200DAD9E9 /* UseCasesTests.xctest */,
				9F2929BD2882047600DAD9E9 /* SwiftUIView.framework */,
				9F2929C62882047600DAD9E9 /* SwiftUIViewTests.xctest */,
				9F2929EB288208FC00DAD9E9 /* XibView.framework */,
				9F2929F4288208FC00DAD9E9 /* XibViewTests.xctest */,
			);
			name = Products;
			sourceTree = "<group>";
		};
		9F2928852880B8D400DAD9E9 /* Clean */ = {
			isa = PBXGroup;
			children = (
				9F2928862880B8D400DAD9E9 /* CleanApp.swift */,
				9F2928A32880BEE700DAD9E9 /* Factory */,
				9F29288A2880B8D600DAD9E9 /* Assets.xcassets */,
				9F29288C2880B8D600DAD9E9 /* Preview Content */,
			);
			path = Clean;
			sourceTree = "<group>";
		};
		9F29288C2880B8D600DAD9E9 /* Preview Content */ = {
			isa = PBXGroup;
			children = (
				9F29288D2880B8D600DAD9E9 /* Preview Assets.xcassets */,
			);
			path = "Preview Content";
			sourceTree = "<group>";
		};
		9F2928A32880BEE700DAD9E9 /* Factory */ = {
			isa = PBXGroup;
			children = (
				9F2928A42880BF1800DAD9E9 /* NumberFactory.swift */,
			);
			path = Factory;
			sourceTree = "<group>";
		};
		9F2928C32881FEBD00DAD9E9 /* Frameworks */ = {
			isa = PBXGroup;
			children = (
			);
			name = Frameworks;
			sourceTree = "<group>";
		};
		9F2929652882043000DAD9E9 /* Entities */ = {
			isa = PBXGroup;
			children = (
				9F2929662882043000DAD9E9 /* Entities.h */,
				9F29289D2880BA7800DAD9E9 /* Number.swift */,
				9F2929672882043000DAD9E9 /* Entities.docc */,
			);
			path = Entities;
			sourceTree = "<group>";
		};
		9F2929712882043100DAD9E9 /* EntitiesTests */ = {
			isa = PBXGroup;
			children = (
				9F2929722882043100DAD9E9 /* EntitiesTests.swift */,
			);
			path = EntitiesTests;
			sourceTree = "<group>";
		};
		9F2929822882044D00DAD9E9 /* Presenters */ = {
			isa = PBXGroup;
			children = (
				9F2929832882044D00DAD9E9 /* Presenters.h */,
				9F2928E52882001C00DAD9E9 /* NumberView.swift */,
				9F2928E72882002C00DAD9E9 /* NumberPresenter.swift */,
				9F2929842882044D00DAD9E9 /* Presenters.docc */,
			);
			path = Presenters;
			sourceTree = "<group>";
		};
		9F29298E2882044D00DAD9E9 /* PresentersTests */ = {
			isa = PBXGroup;
			children = (
				9F29298F2882044D00DAD9E9 /* PresentersTests.swift */,
			);
			path = PresentersTests;
			sourceTree = "<group>";
		};
		9F2929A02882046200DAD9E9 /* UseCases */ = {
			isa = PBXGroup;
			children = (
				9F2929A12882046200DAD9E9 /* UseCases.h */,
				9F29289B2880BA5600DAD9E9 /* IncrementNumberInteractor.swift */,
				9F29289F2880BACA00DAD9E9 /* DecrementNumberInteractor.swift */,
				9F2929A22882046200DAD9E9 /* UseCases.docc */,
			);
			path = UseCases;
			sourceTree = "<group>";
		};
		9F2929AC2882046200DAD9E9 /* UseCasesTests */ = {
			isa = PBXGroup;
			children = (
				9F292A23288304B500DAD9E9 /* IncrementNumberInteractorTests.swift */,
				9F292A252883057800DAD9E9 /* DecrementNumberInteractorTests.swift */,
			);
			path = UseCasesTests;
			sourceTree = "<group>";
		};
		9F2929BE2882047600DAD9E9 /* SwiftUIView */ = {
			isa = PBXGroup;
			children = (
				9F2929BF2882047600DAD9E9 /* SwiftUIView.h */,
				9F2928882880B8D400DAD9E9 /* NumbersView.swift */,
				9F2928992880B97400DAD9E9 /* NumbersViewModel.swift */,
				9F2929C02882047600DAD9E9 /* SwiftUIView.docc */,
			);
			path = SwiftUIView;
			sourceTree = "<group>";
		};
		9F2929CA2882047600DAD9E9 /* SwiftUIViewTests */ = {
			isa = PBXGroup;
			children = (
				9F2929CB2882047600DAD9E9 /* SwiftUIViewTests.swift */,
			);
			path = SwiftUIViewTests;
			sourceTree = "<group>";
		};
		9F2929EC288208FC00DAD9E9 /* XibView */ = {
			isa = PBXGroup;
			children = (
				9F2929ED288208FC00DAD9E9 /* XibView.h */,
				9F292A022882091B00DAD9E9 /* NumbersViewController.swift */,
				9F292A032882091B00DAD9E9 /* NumbersViewController.xib */,
				9F2929EE288208FC00DAD9E9 /* XibView.docc */,
			);
			path = XibView;
			sourceTree = "<group>";
		};
		9F2929F8288208FD00DAD9E9 /* XibViewTests */ = {
			isa = PBXGroup;
			children = (
				9F2929F9288208FD00DAD9E9 /* XibViewTests.swift */,
			);
			path = XibViewTests;
			sourceTree = "<group>";
		};
/* End PBXGroup section */

/* Begin PBXHeadersBuildPhase section */
		9F29295F2882043000DAD9E9 /* Headers */ = {
			isa = PBXHeadersBuildPhase;
			buildActionMask = 2147483647;
			files = (
				9F2929742882043100DAD9E9 /* Entities.h in Headers */,
			);
			runOnlyForDeploymentPostprocessing = 0;
		};
		9F29297C2882044D00DAD9E9 /* Headers */ = {
			isa = PBXHeadersBuildPhase;
			buildActionMask = 2147483647;
			files = (
				9F2929912882044D00DAD9E9 /* Presenters.h in Headers */,
			);
			runOnlyForDeploymentPostprocessing = 0;
		};
		9F29299A2882046200DAD9E9 /* Headers */ = {
			isa = PBXHeadersBuildPhase;
			buildActionMask = 2147483647;
			files = (
				9F2929AF2882046300DAD9E9 /* UseCases.h in Headers */,
			);
			runOnlyForDeploymentPostprocessing = 0;
		};
		9F2929B82882047600DAD9E9 /* Headers */ = {
			isa = PBXHeadersBuildPhase;
			buildActionMask = 2147483647;
			files = (
				9F2929CD2882047600DAD9E9 /* SwiftUIView.h in Headers */,
			);
			runOnlyForDeploymentPostprocessing = 0;
		};
		9F2929E6288208FC00DAD9E9 /* Headers */ = {
			isa = PBXHeadersBuildPhase;
			buildActionMask = 2147483647;
			files = (
				9F2929FB288208FD00DAD9E9 /* XibView.h in Headers */,
			);
			runOnlyForDeploymentPostprocessing = 0;
		};
/* End PBXHeadersBuildPhase section */

/* Begin PBXNativeTarget section */
		9F2928822880B8D400DAD9E9 /* Clean */ = {
			isa = PBXNativeTarget;
			buildConfigurationList = 9F2928912880B8D600DAD9E9 /* Build configuration list for PBXNativeTarget "Clean" */;
			buildPhases = (
				9F29287F2880B8D400DAD9E9 /* Sources */,
				9F2928802880B8D400DAD9E9 /* Frameworks */,
				9F2928812880B8D400DAD9E9 /* Resources */,
				9F2928C82881FEBD00DAD9E9 /* Embed Frameworks */,
			);
			buildRules = (
			);
			dependencies = (
				9F2929D9288204BC00DAD9E9 /* PBXTargetDependency */,
				9F2929DD288204BC00DAD9E9 /* PBXTargetDependency */,
				9F2929E1288204BC00DAD9E9 /* PBXTargetDependency */,
				9F2929E5288204BC00DAD9E9 /* PBXTargetDependency */,
				9F292A09288209EC00DAD9E9 /* PBXTargetDependency */,
			);
			name = Clean;
			productName = Clean;
			productReference = 9F2928832880B8D400DAD9E9 /* Clean.app */;
			productType = "com.apple.product-type.application";
		};
		9F2929632882043000DAD9E9 /* Entities */ = {
			isa = PBXNativeTarget;
			buildConfigurationList = 9F2929752882043100DAD9E9 /* Build configuration list for PBXNativeTarget "Entities" */;
			buildPhases = (
				9F29295F2882043000DAD9E9 /* Headers */,
				9F2929602882043000DAD9E9 /* Sources */,
				9F2929612882043000DAD9E9 /* Frameworks */,
				9F2929622882043000DAD9E9 /* Resources */,
			);
			buildRules = (
			);
			dependencies = (
			);
			name = Entities;
			productName = Entities;
			productReference = 9F2929642882043000DAD9E9 /* Entities.framework */;
			productType = "com.apple.product-type.framework";
		};
		9F29296C2882043100DAD9E9 /* EntitiesTests */ = {
			isa = PBXNativeTarget;
			buildConfigurationList = 9F2929782882043100DAD9E9 /* Build configuration list for PBXNativeTarget "EntitiesTests" */;
			buildPhases = (
				9F2929692882043100DAD9E9 /* Sources */,
				9F29296A2882043100DAD9E9 /* Frameworks */,
				9F29296B2882043100DAD9E9 /* Resources */,
			);
			buildRules = (
			);
			dependencies = (
				9F2929702882043100DAD9E9 /* PBXTargetDependency */,
			);
			name = EntitiesTests;
			productName = EntitiesTests;
			productReference = 9F29296D2882043100DAD9E9 /* EntitiesTests.xctest */;
			productType = "com.apple.product-type.bundle.unit-test";
		};
		9F2929802882044D00DAD9E9 /* Presenters */ = {
			isa = PBXNativeTarget;
			buildConfigurationList = 9F2929922882044D00DAD9E9 /* Build configuration list for PBXNativeTarget "Presenters" */;
			buildPhases = (
				9F29297C2882044D00DAD9E9 /* Headers */,
				9F29297D2882044D00DAD9E9 /* Sources */,
				9F29297E2882044D00DAD9E9 /* Frameworks */,
				9F29297F2882044D00DAD9E9 /* Resources */,
				9F292A222883044C00DAD9E9 /* Embed Frameworks */,
			);
			buildRules = (
			);
			dependencies = (
				9F292A212883044C00DAD9E9 /* PBXTargetDependency */,
			);
			name = Presenters;
			productName = Presenters;
			productReference = 9F2929812882044D00DAD9E9 /* Presenters.framework */;
			productType = "com.apple.product-type.framework";
		};
		9F2929892882044D00DAD9E9 /* PresentersTests */ = {
			isa = PBXNativeTarget;
			buildConfigurationList = 9F2929952882044D00DAD9E9 /* Build configuration list for PBXNativeTarget "PresentersTests" */;
			buildPhases = (
				9F2929862882044D00DAD9E9 /* Sources */,
				9F2929872882044D00DAD9E9 /* Frameworks */,
				9F2929882882044D00DAD9E9 /* Resources */,
			);
			buildRules = (
			);
			dependencies = (
				9F29298D2882044D00DAD9E9 /* PBXTargetDependency */,
			);
			name = PresentersTests;
			productName = PresentersTests;
			productReference = 9F29298A2882044D00DAD9E9 /* PresentersTests.xctest */;
			productType = "com.apple.product-type.bundle.unit-test";
		};
		9F29299E2882046200DAD9E9 /* UseCases */ = {
			isa = PBXNativeTarget;
			buildConfigurationList = 9F2929B02882046300DAD9E9 /* Build configuration list for PBXNativeTarget "UseCases" */;
			buildPhases = (
				9F29299A2882046200DAD9E9 /* Headers */,
				9F29299B2882046200DAD9E9 /* Sources */,
				9F29299C2882046200DAD9E9 /* Frameworks */,
				9F29299D2882046200DAD9E9 /* Resources */,
			);
			buildRules = (
			);
			dependencies = (
				9F292A1C28820C4500DAD9E9 /* PBXTargetDependency */,
			);
			name = UseCases;
			productName = UseCases;
			productReference = 9F29299F2882046200DAD9E9 /* UseCases.framework */;
			productType = "com.apple.product-type.framework";
		};
		9F2929A72882046200DAD9E9 /* UseCasesTests */ = {
			isa = PBXNativeTarget;
			buildConfigurationList = 9F2929B32882046300DAD9E9 /* Build configuration list for PBXNativeTarget "UseCasesTests" */;
			buildPhases = (
				9F2929A42882046200DAD9E9 /* Sources */,
				9F2929A52882046200DAD9E9 /* Frameworks */,
				9F2929A62882046200DAD9E9 /* Resources */,
			);
			buildRules = (
			);
			dependencies = (
				9F2929AB2882046200DAD9E9 /* PBXTargetDependency */,
			);
			name = UseCasesTests;
			productName = UseCasesTests;
			productReference = 9F2929A82882046200DAD9E9 /* UseCasesTests.xctest */;
			productType = "com.apple.product-type.bundle.unit-test";
		};
		9F2929BC2882047600DAD9E9 /* SwiftUIView */ = {
			isa = PBXNativeTarget;
			buildConfigurationList = 9F2929CE2882047600DAD9E9 /* Build configuration list for PBXNativeTarget "SwiftUIView" */;
			buildPhases = (
				9F2929B82882047600DAD9E9 /* Headers */,
				9F2929B92882047600DAD9E9 /* Sources */,
				9F2929BA2882047600DAD9E9 /* Frameworks */,
				9F2929BB2882047600DAD9E9 /* Resources */,
			);
			buildRules = (
			);
			dependencies = (
				9F292A1728820C3B00DAD9E9 /* PBXTargetDependency */,
			);
			name = SwiftUIView;
			productName = SwiftUIView;
			productReference = 9F2929BD2882047600DAD9E9 /* SwiftUIView.framework */;
			productType = "com.apple.product-type.framework";
		};
		9F2929C52882047600DAD9E9 /* SwiftUIViewTests */ = {
			isa = PBXNativeTarget;
			buildConfigurationList = 9F2929D12882047600DAD9E9 /* Build configuration list for PBXNativeTarget "SwiftUIViewTests" */;
			buildPhases = (
				9F2929C22882047600DAD9E9 /* Sources */,
				9F2929C32882047600DAD9E9 /* Frameworks */,
				9F2929C42882047600DAD9E9 /* Resources */,
			);
			buildRules = (
			);
			dependencies = (
				9F2929C92882047600DAD9E9 /* PBXTargetDependency */,
			);
			name = SwiftUIViewTests;
			productName = SwiftUIViewTests;
			productReference = 9F2929C62882047600DAD9E9 /* SwiftUIViewTests.xctest */;
			productType = "com.apple.product-type.bundle.unit-test";
		};
		9F2929EA288208FC00DAD9E9 /* XibView */ = {
			isa = PBXNativeTarget;
			buildConfigurationList = 9F2929FC288208FD00DAD9E9 /* Build configuration list for PBXNativeTarget "XibView" */;
			buildPhases = (
				9F2929E6288208FC00DAD9E9 /* Headers */,
				9F2929E7288208FC00DAD9E9 /* Sources */,
				9F2929E8288208FC00DAD9E9 /* Frameworks */,
				9F2929E9288208FC00DAD9E9 /* Resources */,
			);
			buildRules = (
			);
			dependencies = (
				9F292A1228820C3100DAD9E9 /* PBXTargetDependency */,
			);
			name = XibView;
			productName = XibView;
			productReference = 9F2929EB288208FC00DAD9E9 /* XibView.framework */;
			productType = "com.apple.product-type.framework";
		};
		9F2929F3288208FC00DAD9E9 /* XibViewTests */ = {
			isa = PBXNativeTarget;
			buildConfigurationList = 9F2929FF288208FD00DAD9E9 /* Build configuration list for PBXNativeTarget "XibViewTests" */;
			buildPhases = (
				9F2929F0288208FC00DAD9E9 /* Sources */,
				9F2929F1288208FC00DAD9E9 /* Frameworks */,
				9F2929F2288208FC00DAD9E9 /* Resources */,
			);
			buildRules = (
			);
			dependencies = (
				9F2929F7288208FD00DAD9E9 /* PBXTargetDependency */,
			);
			name = XibViewTests;
			productName = XibViewTests;
			productReference = 9F2929F4288208FC00DAD9E9 /* XibViewTests.xctest */;
			productType = "com.apple.product-type.bundle.unit-test";
		};
/* End PBXNativeTarget section */

/* Begin PBXProject section */
		9F29287B2880B8D400DAD9E9 /* Project object */ = {
			isa = PBXProject;
			attributes = {
				BuildIndependentTargetsInParallel = 1;
				LastSwiftUpdateCheck = 1340;
				LastUpgradeCheck = 1340;
				TargetAttributes = {
					9F2928822880B8D400DAD9E9 = {
						CreatedOnToolsVersion = 13.4.1;
					};
					9F2929632882043000DAD9E9 = {
						CreatedOnToolsVersion = 13.4.1;
					};
					9F29296C2882043100DAD9E9 = {
						CreatedOnToolsVersion = 13.4.1;
					};
					9F2929802882044D00DAD9E9 = {
						CreatedOnToolsVersion = 13.4.1;
					};
					9F2929892882044D00DAD9E9 = {
						CreatedOnToolsVersion = 13.4.1;
					};
					9F29299E2882046200DAD9E9 = {
						CreatedOnToolsVersion = 13.4.1;
					};
					9F2929A72882046200DAD9E9 = {
						CreatedOnToolsVersion = 13.4.1;
					};
					9F2929BC2882047600DAD9E9 = {
						CreatedOnToolsVersion = 13.4.1;
					};
					9F2929C52882047600DAD9E9 = {
						CreatedOnToolsVersion = 13.4.1;
					};
					9F2929EA288208FC00DAD9E9 = {
						CreatedOnToolsVersion = 13.4.1;
					};
					9F2929F3288208FC00DAD9E9 = {
						CreatedOnToolsVersion = 13.4.1;
					};
				};
			};
			buildConfigurationList = 9F29287E2880B8D400DAD9E9 /* Build configuration list for PBXProject "Clean" */;
			compatibilityVersion = "Xcode 13.0";
			developmentRegion = en;
			hasScannedForEncodings = 0;
			knownRegions = (
				en,
				Base,
			);
			mainGroup = 9F29287A2880B8D400DAD9E9;
			productRefGroup = 9F2928842880B8D400DAD9E9 /* Products */;
			projectDirPath = "";
			projectRoot = "";
			targets = (
				9F2928822880B8D400DAD9E9 /* Clean */,
				9F2929632882043000DAD9E9 /* Entities */,
				9F29296C2882043100DAD9E9 /* EntitiesTests */,
				9F2929802882044D00DAD9E9 /* Presenters */,
				9F2929892882044D00DAD9E9 /* PresentersTests */,
				9F29299E2882046200DAD9E9 /* UseCases */,
				9F2929A72882046200DAD9E9 /* UseCasesTests */,
				9F2929BC2882047600DAD9E9 /* SwiftUIView */,
				9F2929C52882047600DAD9E9 /* SwiftUIViewTests */,
				9F2929EA288208FC00DAD9E9 /* XibView */,
				9F2929F3288208FC00DAD9E9 /* XibViewTests */,
			);
		};
/* End PBXProject section */

/* Begin PBXResourcesBuildPhase section */
		9F2928812880B8D400DAD9E9 /* Resources */ = {
			isa = PBXResourcesBuildPhase;
			buildActionMask = 2147483647;
			files = (
				9F29288E2880B8D600DAD9E9 /* Preview Assets.xcassets in Resources */,
				9F29288B2880B8D600DAD9E9 /* Assets.xcassets in Resources */,
			);
			runOnlyForDeploymentPostprocessing = 0;
		};
		9F2929622882043000DAD9E9 /* Resources */ = {
			isa = PBXResourcesBuildPhase;
			buildActionMask = 2147483647;
			files = (
			);
			runOnlyForDeploymentPostprocessing = 0;
		};
		9F29296B2882043100DAD9E9 /* Resources */ = {
			isa = PBXResourcesBuildPhase;
			buildActionMask = 2147483647;
			files = (
			);
			runOnlyForDeploymentPostprocessing = 0;
		};
		9F29297F2882044D00DAD9E9 /* Resources */ = {
			isa = PBXResourcesBuildPhase;
			buildActionMask = 2147483647;
			files = (
			);
			runOnlyForDeploymentPostprocessing = 0;
		};
		9F2929882882044D00DAD9E9 /* Resources */ = {
			isa = PBXResourcesBuildPhase;
			buildActionMask = 2147483647;
			files = (
			);
			runOnlyForDeploymentPostprocessing = 0;
		};
		9F29299D2882046200DAD9E9 /* Resources */ = {
			isa = PBXResourcesBuildPhase;
			buildActionMask = 2147483647;
			files = (
			);
			runOnlyForDeploymentPostprocessing = 0;
		};
		9F2929A62882046200DAD9E9 /* Resources */ = {
			isa = PBXResourcesBuildPhase;
			buildActionMask = 2147483647;
			files = (
			);
			runOnlyForDeploymentPostprocessing = 0;
		};
		9F2929BB2882047600DAD9E9 /* Resources */ = {
			isa = PBXResourcesBuildPhase;
			buildActionMask = 2147483647;
			files = (
			);
			runOnlyForDeploymentPostprocessing = 0;
		};
		9F2929C42882047600DAD9E9 /* Resources */ = {
			isa = PBXResourcesBuildPhase;
			buildActionMask = 2147483647;
			files = (
			);
			runOnlyForDeploymentPostprocessing = 0;
		};
		9F2929E9288208FC00DAD9E9 /* Resources */ = {
			isa = PBXResourcesBuildPhase;
			buildActionMask = 2147483647;
			files = (
				9F292A052882091B00DAD9E9 /* NumbersViewController.xib in Resources */,
			);
			runOnlyForDeploymentPostprocessing = 0;
		};
		9F2929F2288208FC00DAD9E9 /* Resources */ = {
			isa = PBXResourcesBuildPhase;
			buildActionMask = 2147483647;
			files = (
			);
			runOnlyForDeploymentPostprocessing = 0;
		};
/* End PBXResourcesBuildPhase section */

/* Begin PBXSourcesBuildPhase section */
		9F29287F2880B8D400DAD9E9 /* Sources */ = {
			isa = PBXSourcesBuildPhase;
			buildActionMask = 2147483647;
			files = (
				9F2928872880B8D400DAD9E9 /* CleanApp.swift in Sources */,
				9F2928A52880BF1800DAD9E9 /* NumberFactory.swift in Sources */,
			);
			runOnlyForDeploymentPostprocessing = 0;
		};
		9F2929602882043000DAD9E9 /* Sources */ = {
			isa = PBXSourcesBuildPhase;
			buildActionMask = 2147483647;
			files = (
				9F29297B2882043B00DAD9E9 /* Number.swift in Sources */,
				9F2929682882043000DAD9E9 /* Entities.docc in Sources */,
			);
			runOnlyForDeploymentPostprocessing = 0;
		};
		9F2929692882043100DAD9E9 /* Sources */ = {
			isa = PBXSourcesBuildPhase;
			buildActionMask = 2147483647;
			files = (
				9F2929732882043100DAD9E9 /* EntitiesTests.swift in Sources */,
			);
			runOnlyForDeploymentPostprocessing = 0;
		};
		9F29297D2882044D00DAD9E9 /* Sources */ = {
			isa = PBXSourcesBuildPhase;
			buildActionMask = 2147483647;
			files = (
				9F2929852882044D00DAD9E9 /* Presenters.docc in Sources */,
				9F2929992882045400DAD9E9 /* NumberPresenter.swift in Sources */,
				9F2929982882045400DAD9E9 /* NumberView.swift in Sources */,
			);
			runOnlyForDeploymentPostprocessing = 0;
		};
		9F2929862882044D00DAD9E9 /* Sources */ = {
			isa = PBXSourcesBuildPhase;
			buildActionMask = 2147483647;
			files = (
				9F2929902882044D00DAD9E9 /* PresentersTests.swift in Sources */,
			);
			runOnlyForDeploymentPostprocessing = 0;
		};
		9F29299B2882046200DAD9E9 /* Sources */ = {
			isa = PBXSourcesBuildPhase;
			buildActionMask = 2147483647;
			files = (
				9F2929A32882046200DAD9E9 /* UseCases.docc in Sources */,
				9F2929B72882046800DAD9E9 /* DecrementNumberInteractor.swift in Sources */,
				9F2929B62882046800DAD9E9 /* IncrementNumberInteractor.swift in Sources */,
			);
			runOnlyForDeploymentPostprocessing = 0;
		};
		9F2929A42882046200DAD9E9 /* Sources */ = {
			isa = PBXSourcesBuildPhase;
			buildActionMask = 2147483647;
			files = (
				9F292A24288304B500DAD9E9 /* IncrementNumberInteractorTests.swift in Sources */,
				9F292A262883057800DAD9E9 /* DecrementNumberInteractorTests.swift in Sources */,
			);
			runOnlyForDeploymentPostprocessing = 0;
		};
		9F2929B92882047600DAD9E9 /* Sources */ = {
			isa = PBXSourcesBuildPhase;
			buildActionMask = 2147483647;
			files = (
				9F2929D42882049D00DAD9E9 /* NumbersViewModel.swift in Sources */,
				9F2929C12882047600DAD9E9 /* SwiftUIView.docc in Sources */,
				9F2929D52882049D00DAD9E9 /* NumbersView.swift in Sources */,
			);
			runOnlyForDeploymentPostprocessing = 0;
		};
		9F2929C22882047600DAD9E9 /* Sources */ = {
			isa = PBXSourcesBuildPhase;
			buildActionMask = 2147483647;
			files = (
				9F2929CC2882047600DAD9E9 /* SwiftUIViewTests.swift in Sources */,
			);
			runOnlyForDeploymentPostprocessing = 0;
		};
		9F2929E7288208FC00DAD9E9 /* Sources */ = {
			isa = PBXSourcesBuildPhase;
			buildActionMask = 2147483647;
			files = (
				9F2929EF288208FC00DAD9E9 /* XibView.docc in Sources */,
				9F292A042882091B00DAD9E9 /* NumbersViewController.swift in Sources */,
			);
			runOnlyForDeploymentPostprocessing = 0;
		};
		9F2929F0288208FC00DAD9E9 /* Sources */ = {
			isa = PBXSourcesBuildPhase;
			buildActionMask = 2147483647;
			files = (
				9F2929FA288208FD00DAD9E9 /* XibViewTests.swift in Sources */,
			);
			runOnlyForDeploymentPostprocessing = 0;
		};
/* End PBXSourcesBuildPhase section */

/* Begin PBXTargetDependency section */
		9F2929702882043100DAD9E9 /* PBXTargetDependency */ = {
			isa = PBXTargetDependency;
			target = 9F2929632882043000DAD9E9 /* Entities */;
			targetProxy = 9F29296F2882043100DAD9E9 /* PBXContainerItemProxy */;
		};
		9F29298D2882044D00DAD9E9 /* PBXTargetDependency */ = {
			isa = PBXTargetDependency;
			target = 9F2929802882044D00DAD9E9 /* Presenters */;
			targetProxy = 9F29298C2882044D00DAD9E9 /* PBXContainerItemProxy */;
		};
		9F2929AB2882046200DAD9E9 /* PBXTargetDependency */ = {
			isa = PBXTargetDependency;
			target = 9F29299E2882046200DAD9E9 /* UseCases */;
			targetProxy = 9F2929AA2882046200DAD9E9 /* PBXContainerItemProxy */;
		};
		9F2929C92882047600DAD9E9 /* PBXTargetDependency */ = {
			isa = PBXTargetDependency;
			target = 9F2929BC2882047600DAD9E9 /* SwiftUIView */;
			targetProxy = 9F2929C82882047600DAD9E9 /* PBXContainerItemProxy */;
		};
		9F2929D9288204BC00DAD9E9 /* PBXTargetDependency */ = {
			isa = PBXTargetDependency;
			target = 9F2929632882043000DAD9E9 /* Entities */;
			targetProxy = 9F2929D8288204BC00DAD9E9 /* PBXContainerItemProxy */;
		};
		9F2929DD288204BC00DAD9E9 /* PBXTargetDependency */ = {
			isa = PBXTargetDependency;
			target = 9F2929802882044D00DAD9E9 /* Presenters */;
			targetProxy = 9F2929DC288204BC00DAD9E9 /* PBXContainerItemProxy */;
		};
		9F2929E1288204BC00DAD9E9 /* PBXTargetDependency */ = {
			isa = PBXTargetDependency;
			target = 9F2929BC2882047600DAD9E9 /* SwiftUIView */;
			targetProxy = 9F2929E0288204BC00DAD9E9 /* PBXContainerItemProxy */;
		};
		9F2929E5288204BC00DAD9E9 /* PBXTargetDependency */ = {
			isa = PBXTargetDependency;
			target = 9F29299E2882046200DAD9E9 /* UseCases */;
			targetProxy = 9F2929E4288204BC00DAD9E9 /* PBXContainerItemProxy */;
		};
		9F2929F7288208FD00DAD9E9 /* PBXTargetDependency */ = {
			isa = PBXTargetDependency;
			target = 9F2929EA288208FC00DAD9E9 /* XibView */;
			targetProxy = 9F2929F6288208FD00DAD9E9 /* PBXContainerItemProxy */;
		};
		9F292A09288209EC00DAD9E9 /* PBXTargetDependency */ = {
			isa = PBXTargetDependency;
			target = 9F2929EA288208FC00DAD9E9 /* XibView */;
			targetProxy = 9F292A08288209EC00DAD9E9 /* PBXContainerItemProxy */;
		};
		9F292A1228820C3100DAD9E9 /* PBXTargetDependency */ = {
			isa = PBXTargetDependency;
			target = 9F2929802882044D00DAD9E9 /* Presenters */;
			targetProxy = 9F292A1128820C3100DAD9E9 /* PBXContainerItemProxy */;
		};
		9F292A1728820C3B00DAD9E9 /* PBXTargetDependency */ = {
			isa = PBXTargetDependency;
			target = 9F2929802882044D00DAD9E9 /* Presenters */;
			targetProxy = 9F292A1628820C3B00DAD9E9 /* PBXContainerItemProxy */;
		};
		9F292A1C28820C4500DAD9E9 /* PBXTargetDependency */ = {
			isa = PBXTargetDependency;
			target = 9F2929632882043000DAD9E9 /* Entities */;
			targetProxy = 9F292A1B28820C4500DAD9E9 /* PBXContainerItemProxy */;
		};
		9F292A212883044C00DAD9E9 /* PBXTargetDependency */ = {
			isa = PBXTargetDependency;
			target = 9F2929632882043000DAD9E9 /* Entities */;
			targetProxy = 9F292A202883044C00DAD9E9 /* PBXContainerItemProxy */;
		};
/* End PBXTargetDependency section */

/* Begin XCBuildConfiguration section */
		9F29288F2880B8D600DAD9E9 /* Debug */ = {
			isa = XCBuildConfiguration;
			buildSettings = {
				ALWAYS_SEARCH_USER_PATHS = NO;
				CLANG_ANALYZER_NONNULL = YES;
				CLANG_ANALYZER_NUMBER_OBJECT_CONVERSION = YES_AGGRESSIVE;
				CLANG_CXX_LANGUAGE_STANDARD = "gnu++17";
				CLANG_ENABLE_MODULES = YES;
				CLANG_ENABLE_OBJC_ARC = YES;
				CLANG_ENABLE_OBJC_WEAK = YES;
				CLANG_WARN_BLOCK_CAPTURE_AUTORELEASING = YES;
				CLANG_WARN_BOOL_CONVERSION = YES;
				CLANG_WARN_COMMA = YES;
				CLANG_WARN_CONSTANT_CONVERSION = YES;
				CLANG_WARN_DEPRECATED_OBJC_IMPLEMENTATIONS = YES;
				CLANG_WARN_DIRECT_OBJC_ISA_USAGE = YES_ERROR;
				CLANG_WARN_DOCUMENTATION_COMMENTS = YES;
				CLANG_WARN_EMPTY_BODY = YES;
				CLANG_WARN_ENUM_CONVERSION = YES;
				CLANG_WARN_INFINITE_RECURSION = YES;
				CLANG_WARN_INT_CONVERSION = YES;
				CLANG_WARN_NON_LITERAL_NULL_CONVERSION = YES;
				CLANG_WARN_OBJC_IMPLICIT_RETAIN_SELF = YES;
				CLANG_WARN_OBJC_LITERAL_CONVERSION = YES;
				CLANG_WARN_OBJC_ROOT_CLASS = YES_ERROR;
				CLANG_WARN_QUOTED_INCLUDE_IN_FRAMEWORK_HEADER = YES;
				CLANG_WARN_RANGE_LOOP_ANALYSIS = YES;
				CLANG_WARN_STRICT_PROTOTYPES = YES;
				CLANG_WARN_SUSPICIOUS_MOVE = YES;
				CLANG_WARN_UNGUARDED_AVAILABILITY = YES_AGGRESSIVE;
				CLANG_WARN_UNREACHABLE_CODE = YES;
				CLANG_WARN__DUPLICATE_METHOD_MATCH = YES;
				COPY_PHASE_STRIP = NO;
				DEBUG_INFORMATION_FORMAT = dwarf;
				ENABLE_STRICT_OBJC_MSGSEND = YES;
				ENABLE_TESTABILITY = YES;
				GCC_C_LANGUAGE_STANDARD = gnu11;
				GCC_DYNAMIC_NO_PIC = NO;
				GCC_NO_COMMON_BLOCKS = YES;
				GCC_OPTIMIZATION_LEVEL = 0;
				GCC_PREPROCESSOR_DEFINITIONS = (
					"DEBUG=1",
					"$(inherited)",
				);
				GCC_WARN_64_TO_32_BIT_CONVERSION = YES;
				GCC_WARN_ABOUT_RETURN_TYPE = YES_ERROR;
				GCC_WARN_UNDECLARED_SELECTOR = YES;
				GCC_WARN_UNINITIALIZED_AUTOS = YES_AGGRESSIVE;
				GCC_WARN_UNUSED_FUNCTION = YES;
				GCC_WARN_UNUSED_VARIABLE = YES;
				IPHONEOS_DEPLOYMENT_TARGET = 15.5;
				MTL_ENABLE_DEBUG_INFO = INCLUDE_SOURCE;
				MTL_FAST_MATH = YES;
				ONLY_ACTIVE_ARCH = YES;
				SDKROOT = iphoneos;
				SWIFT_ACTIVE_COMPILATION_CONDITIONS = DEBUG;
				SWIFT_OPTIMIZATION_LEVEL = "-Onone";
			};
			name = Debug;
		};
		9F2928902880B8D600DAD9E9 /* Release */ = {
			isa = XCBuildConfiguration;
			buildSettings = {
				ALWAYS_SEARCH_USER_PATHS = NO;
				CLANG_ANALYZER_NONNULL = YES;
				CLANG_ANALYZER_NUMBER_OBJECT_CONVERSION = YES_AGGRESSIVE;
				CLANG_CXX_LANGUAGE_STANDARD = "gnu++17";
				CLANG_ENABLE_MODULES = YES;
				CLANG_ENABLE_OBJC_ARC = YES;
				CLANG_ENABLE_OBJC_WEAK = YES;
				CLANG_WARN_BLOCK_CAPTURE_AUTORELEASING = YES;
				CLANG_WARN_BOOL_CONVERSION = YES;
				CLANG_WARN_COMMA = YES;
				CLANG_WARN_CONSTANT_CONVERSION = YES;
				CLANG_WARN_DEPRECATED_OBJC_IMPLEMENTATIONS = YES;
				CLANG_WARN_DIRECT_OBJC_ISA_USAGE = YES_ERROR;
				CLANG_WARN_DOCUMENTATION_COMMENTS = YES;
				CLANG_WARN_EMPTY_BODY = YES;
				CLANG_WARN_ENUM_CONVERSION = YES;
				CLANG_WARN_INFINITE_RECURSION = YES;
				CLANG_WARN_INT_CONVERSION = YES;
				CLANG_WARN_NON_LITERAL_NULL_CONVERSION = YES;
				CLANG_WARN_OBJC_IMPLICIT_RETAIN_SELF = YES;
				CLANG_WARN_OBJC_LITERAL_CONVERSION = YES;
				CLANG_WARN_OBJC_ROOT_CLASS = YES_ERROR;
				CLANG_WARN_QUOTED_INCLUDE_IN_FRAMEWORK_HEADER = YES;
				CLANG_WARN_RANGE_LOOP_ANALYSIS = YES;
				CLANG_WARN_STRICT_PROTOTYPES = YES;
				CLANG_WARN_SUSPICIOUS_MOVE = YES;
				CLANG_WARN_UNGUARDED_AVAILABILITY = YES_AGGRESSIVE;
				CLANG_WARN_UNREACHABLE_CODE = YES;
				CLANG_WARN__DUPLICATE_METHOD_MATCH = YES;
				COPY_PHASE_STRIP = NO;
				DEBUG_INFORMATION_FORMAT = "dwarf-with-dsym";
				ENABLE_NS_ASSERTIONS = NO;
				ENABLE_STRICT_OBJC_MSGSEND = YES;
				GCC_C_LANGUAGE_STANDARD = gnu11;
				GCC_NO_COMMON_BLOCKS = YES;
				GCC_WARN_64_TO_32_BIT_CONVERSION = YES;
				GCC_WARN_ABOUT_RETURN_TYPE = YES_ERROR;
				GCC_WARN_UNDECLARED_SELECTOR = YES;
				GCC_WARN_UNINITIALIZED_AUTOS = YES_AGGRESSIVE;
				GCC_WARN_UNUSED_FUNCTION = YES;
				GCC_WARN_UNUSED_VARIABLE = YES;
				IPHONEOS_DEPLOYMENT_TARGET = 15.5;
				MTL_ENABLE_DEBUG_INFO = NO;
				MTL_FAST_MATH = YES;
				SDKROOT = iphoneos;
				SWIFT_COMPILATION_MODE = wholemodule;
				SWIFT_OPTIMIZATION_LEVEL = "-O";
				VALIDATE_PRODUCT = YES;
			};
			name = Release;
		};
		9F2928922880B8D600DAD9E9 /* Debug */ = {
			isa = XCBuildConfiguration;
			buildSettings = {
				ALWAYS_EMBED_SWIFT_STANDARD_LIBRARIES = YES;
				ASSETCATALOG_COMPILER_APPICON_NAME = AppIcon;
				ASSETCATALOG_COMPILER_GLOBAL_ACCENT_COLOR_NAME = AccentColor;
				CODE_SIGN_STYLE = Automatic;
				CURRENT_PROJECT_VERSION = 1;
				DEVELOPMENT_ASSET_PATHS = "\"Clean/Preview Content\"";
				DEVELOPMENT_TEAM = 36V5S393N9;
				ENABLE_PREVIEWS = YES;
				GENERATE_INFOPLIST_FILE = YES;
				INFOPLIST_KEY_UIApplicationSceneManifest_Generation = YES;
				INFOPLIST_KEY_UIApplicationSupportsIndirectInputEvents = YES;
				INFOPLIST_KEY_UILaunchScreen_Generation = YES;
				INFOPLIST_KEY_UISupportedInterfaceOrientations_iPad = "UIInterfaceOrientationPortrait UIInterfaceOrientationPortraitUpsideDown UIInterfaceOrientationLandscapeLeft UIInterfaceOrientationLandscapeRight";
				INFOPLIST_KEY_UISupportedInterfaceOrientations_iPhone = "UIInterfaceOrientationPortrait UIInterfaceOrientationLandscapeLeft UIInterfaceOrientationLandscapeRight";
				LD_RUNPATH_SEARCH_PATHS = (
					"$(inherited)",
					"@executable_path/Frameworks",
				);
				MARKETING_VERSION = 1.0;
				PRODUCT_BUNDLE_IDENTIFIER = com.wayt.timer.Clean;
				PRODUCT_NAME = "$(TARGET_NAME)";
				SWIFT_EMIT_LOC_STRINGS = YES;
				SWIFT_VERSION = 5.0;
				TARGETED_DEVICE_FAMILY = "1,2";
			};
			name = Debug;
		};
		9F2928932880B8D600DAD9E9 /* Release */ = {
			isa = XCBuildConfiguration;
			buildSettings = {
				ALWAYS_EMBED_SWIFT_STANDARD_LIBRARIES = YES;
				ASSETCATALOG_COMPILER_APPICON_NAME = AppIcon;
				ASSETCATALOG_COMPILER_GLOBAL_ACCENT_COLOR_NAME = AccentColor;
				CODE_SIGN_STYLE = Automatic;
				CURRENT_PROJECT_VERSION = 1;
				DEVELOPMENT_ASSET_PATHS = "\"Clean/Preview Content\"";
				DEVELOPMENT_TEAM = 36V5S393N9;
				ENABLE_PREVIEWS = YES;
				GENERATE_INFOPLIST_FILE = YES;
				INFOPLIST_KEY_UIApplicationSceneManifest_Generation = YES;
				INFOPLIST_KEY_UIApplicationSupportsIndirectInputEvents = YES;
				INFOPLIST_KEY_UILaunchScreen_Generation = YES;
				INFOPLIST_KEY_UISupportedInterfaceOrientations_iPad = "UIInterfaceOrientationPortrait UIInterfaceOrientationPortraitUpsideDown UIInterfaceOrientationLandscapeLeft UIInterfaceOrientationLandscapeRight";
				INFOPLIST_KEY_UISupportedInterfaceOrientations_iPhone = "UIInterfaceOrientationPortrait UIInterfaceOrientationLandscapeLeft UIInterfaceOrientationLandscapeRight";
				LD_RUNPATH_SEARCH_PATHS = (
					"$(inherited)",
					"@executable_path/Frameworks",
				);
				MARKETING_VERSION = 1.0;
				PRODUCT_BUNDLE_IDENTIFIER = com.wayt.timer.Clean;
				PRODUCT_NAME = "$(TARGET_NAME)";
				SWIFT_EMIT_LOC_STRINGS = YES;
				SWIFT_VERSION = 5.0;
				TARGETED_DEVICE_FAMILY = "1,2";
			};
			name = Release;
		};
		9F2929762882043100DAD9E9 /* Debug */ = {
			isa = XCBuildConfiguration;
			buildSettings = {
				ALLOW_TARGET_PLATFORM_SPECIALIZATION = YES;
				CODE_SIGN_STYLE = Automatic;
				COMBINE_HIDPI_IMAGES = YES;
				CURRENT_PROJECT_VERSION = 1;
				DEFINES_MODULE = YES;
				DEVELOPMENT_TEAM = 36V5S393N9;
				DYLIB_COMPATIBILITY_VERSION = 1;
				DYLIB_CURRENT_VERSION = 1;
				DYLIB_INSTALL_NAME_BASE = "@rpath";
				GENERATE_INFOPLIST_FILE = YES;
				INFOPLIST_KEY_NSHumanReadableCopyright = "";
				INSTALL_PATH = "$(LOCAL_LIBRARY_DIR)/Frameworks";
				LD_RUNPATH_SEARCH_PATHS = (
					"$(inherited)",
					"@executable_path/../Frameworks",
					"@loader_path/Frameworks",
				);
				MACOSX_DEPLOYMENT_TARGET = 12.3;
				MARKETING_VERSION = 1.0;
				PRODUCT_BUNDLE_IDENTIFIER = com.wayt.timer.Entities;
				PRODUCT_NAME = "$(TARGET_NAME:c99extidentifier)";
				SDKROOT = macosx;
				SKIP_INSTALL = YES;
				SUPPORTED_PLATFORMS = "watchsimulator watchos macosx iphonesimulator iphoneos driverkit appletvsimulator appletvos";
				SUPPORTS_MACCATALYST = YES;
				SWIFT_EMIT_LOC_STRINGS = YES;
				SWIFT_VERSION = 5.0;
				VERSIONING_SYSTEM = "apple-generic";
				VERSION_INFO_PREFIX = "";
			};
			name = Debug;
		};
		9F2929772882043100DAD9E9 /* Release */ = {
			isa = XCBuildConfiguration;
			buildSettings = {
				ALLOW_TARGET_PLATFORM_SPECIALIZATION = YES;
				CODE_SIGN_STYLE = Automatic;
				COMBINE_HIDPI_IMAGES = YES;
				CURRENT_PROJECT_VERSION = 1;
				DEFINES_MODULE = YES;
				DEVELOPMENT_TEAM = 36V5S393N9;
				DYLIB_COMPATIBILITY_VERSION = 1;
				DYLIB_CURRENT_VERSION = 1;
				DYLIB_INSTALL_NAME_BASE = "@rpath";
				GENERATE_INFOPLIST_FILE = YES;
				INFOPLIST_KEY_NSHumanReadableCopyright = "";
				INSTALL_PATH = "$(LOCAL_LIBRARY_DIR)/Frameworks";
				LD_RUNPATH_SEARCH_PATHS = (
					"$(inherited)",
					"@executable_path/../Frameworks",
					"@loader_path/Frameworks",
				);
				MACOSX_DEPLOYMENT_TARGET = 12.3;
				MARKETING_VERSION = 1.0;
				PRODUCT_BUNDLE_IDENTIFIER = com.wayt.timer.Entities;
				PRODUCT_NAME = "$(TARGET_NAME:c99extidentifier)";
				SDKROOT = macosx;
				SKIP_INSTALL = YES;
				SUPPORTED_PLATFORMS = "watchsimulator watchos macosx iphonesimulator iphoneos driverkit appletvsimulator appletvos";
				SUPPORTS_MACCATALYST = YES;
				SWIFT_EMIT_LOC_STRINGS = YES;
				SWIFT_VERSION = 5.0;
				VERSIONING_SYSTEM = "apple-generic";
				VERSION_INFO_PREFIX = "";
			};
			name = Release;
		};
		9F2929792882043100DAD9E9 /* Debug */ = {
			isa = XCBuildConfiguration;
			buildSettings = {
				ALLOW_TARGET_PLATFORM_SPECIALIZATION = YES;
				ALWAYS_EMBED_SWIFT_STANDARD_LIBRARIES = YES;
				CODE_SIGN_STYLE = Automatic;
				CURRENT_PROJECT_VERSION = 1;
				DEVELOPMENT_TEAM = 36V5S393N9;
				GENERATE_INFOPLIST_FILE = YES;
				MACOSX_DEPLOYMENT_TARGET = 12.3;
				MARKETING_VERSION = 1.0;
				PRODUCT_BUNDLE_IDENTIFIER = com.wayt.timer.EntitiesTests;
				PRODUCT_NAME = "$(TARGET_NAME)";
				SDKROOT = macosx;
				SUPPORTED_PLATFORMS = "watchsimulator watchos macosx iphonesimulator iphoneos driverkit appletvsimulator appletvos";
				SUPPORTS_MACCATALYST = YES;
				SWIFT_EMIT_LOC_STRINGS = NO;
				SWIFT_VERSION = 5.0;
			};
			name = Debug;
		};
		9F29297A2882043100DAD9E9 /* Release */ = {
			isa = XCBuildConfiguration;
			buildSettings = {
				ALLOW_TARGET_PLATFORM_SPECIALIZATION = YES;
				ALWAYS_EMBED_SWIFT_STANDARD_LIBRARIES = YES;
				CODE_SIGN_STYLE = Automatic;
				CURRENT_PROJECT_VERSION = 1;
				DEVELOPMENT_TEAM = 36V5S393N9;
				GENERATE_INFOPLIST_FILE = YES;
				MACOSX_DEPLOYMENT_TARGET = 12.3;
				MARKETING_VERSION = 1.0;
				PRODUCT_BUNDLE_IDENTIFIER = com.wayt.timer.EntitiesTests;
				PRODUCT_NAME = "$(TARGET_NAME)";
				SDKROOT = macosx;
				SUPPORTED_PLATFORMS = "watchsimulator watchos macosx iphonesimulator iphoneos driverkit appletvsimulator appletvos";
				SUPPORTS_MACCATALYST = YES;
				SWIFT_EMIT_LOC_STRINGS = NO;
				SWIFT_VERSION = 5.0;
			};
			name = Release;
		};
		9F2929932882044D00DAD9E9 /* Debug */ = {
			isa = XCBuildConfiguration;
			buildSettings = {
				ALLOW_TARGET_PLATFORM_SPECIALIZATION = YES;
				CODE_SIGN_STYLE = Automatic;
				COMBINE_HIDPI_IMAGES = YES;
				CURRENT_PROJECT_VERSION = 1;
				DEFINES_MODULE = YES;
				DEVELOPMENT_TEAM = 36V5S393N9;
				DYLIB_COMPATIBILITY_VERSION = 1;
				DYLIB_CURRENT_VERSION = 1;
				DYLIB_INSTALL_NAME_BASE = "@rpath";
				GENERATE_INFOPLIST_FILE = YES;
				INFOPLIST_KEY_NSHumanReadableCopyright = "";
				INSTALL_PATH = "$(LOCAL_LIBRARY_DIR)/Frameworks";
				LD_RUNPATH_SEARCH_PATHS = (
					"$(inherited)",
					"@executable_path/../Frameworks",
					"@loader_path/Frameworks",
				);
				MACOSX_DEPLOYMENT_TARGET = 12.3;
				MARKETING_VERSION = 1.0;
				PRODUCT_BUNDLE_IDENTIFIER = com.wayt.timer.Presenters;
				PRODUCT_NAME = "$(TARGET_NAME:c99extidentifier)";
				SDKROOT = macosx;
				SKIP_INSTALL = YES;
				SUPPORTED_PLATFORMS = "watchsimulator watchos macosx iphonesimulator iphoneos driverkit appletvsimulator appletvos";
				SUPPORTS_MACCATALYST = YES;
				SWIFT_EMIT_LOC_STRINGS = YES;
				SWIFT_VERSION = 5.0;
				VERSIONING_SYSTEM = "apple-generic";
				VERSION_INFO_PREFIX = "";
			};
			name = Debug;
		};
		9F2929942882044D00DAD9E9 /* Release */ = {
			isa = XCBuildConfiguration;
			buildSettings = {
				ALLOW_TARGET_PLATFORM_SPECIALIZATION = YES;
				CODE_SIGN_STYLE = Automatic;
				COMBINE_HIDPI_IMAGES = YES;
				CURRENT_PROJECT_VERSION = 1;
				DEFINES_MODULE = YES;
				DEVELOPMENT_TEAM = 36V5S393N9;
				DYLIB_COMPATIBILITY_VERSION = 1;
				DYLIB_CURRENT_VERSION = 1;
				DYLIB_INSTALL_NAME_BASE = "@rpath";
				GENERATE_INFOPLIST_FILE = YES;
				INFOPLIST_KEY_NSHumanReadableCopyright = "";
				INSTALL_PATH = "$(LOCAL_LIBRARY_DIR)/Frameworks";
				LD_RUNPATH_SEARCH_PATHS = (
					"$(inherited)",
					"@executable_path/../Frameworks",
					"@loader_path/Frameworks",
				);
				MACOSX_DEPLOYMENT_TARGET = 12.3;
				MARKETING_VERSION = 1.0;
				PRODUCT_BUNDLE_IDENTIFIER = com.wayt.timer.Presenters;
				PRODUCT_NAME = "$(TARGET_NAME:c99extidentifier)";
				SDKROOT = macosx;
				SKIP_INSTALL = YES;
				SUPPORTED_PLATFORMS = "watchsimulator watchos macosx iphonesimulator iphoneos driverkit appletvsimulator appletvos";
				SUPPORTS_MACCATALYST = YES;
				SWIFT_EMIT_LOC_STRINGS = YES;
				SWIFT_VERSION = 5.0;
				VERSIONING_SYSTEM = "apple-generic";
				VERSION_INFO_PREFIX = "";
			};
			name = Release;
		};
		9F2929962882044D00DAD9E9 /* Debug */ = {
			isa = XCBuildConfiguration;
			buildSettings = {
				ALLOW_TARGET_PLATFORM_SPECIALIZATION = YES;
				ALWAYS_EMBED_SWIFT_STANDARD_LIBRARIES = YES;
				CODE_SIGN_STYLE = Automatic;
				CURRENT_PROJECT_VERSION = 1;
				DEVELOPMENT_TEAM = 36V5S393N9;
				GENERATE_INFOPLIST_FILE = YES;
				MACOSX_DEPLOYMENT_TARGET = 12.3;
				MARKETING_VERSION = 1.0;
				PRODUCT_BUNDLE_IDENTIFIER = com.wayt.timer.PresentersTests;
				PRODUCT_NAME = "$(TARGET_NAME)";
				SDKROOT = macosx;
				SUPPORTED_PLATFORMS = "watchsimulator watchos macosx iphonesimulator iphoneos driverkit appletvsimulator appletvos";
				SUPPORTS_MACCATALYST = YES;
				SWIFT_EMIT_LOC_STRINGS = NO;
				SWIFT_VERSION = 5.0;
			};
			name = Debug;
		};
		9F2929972882044D00DAD9E9 /* Release */ = {
			isa = XCBuildConfiguration;
			buildSettings = {
				ALLOW_TARGET_PLATFORM_SPECIALIZATION = YES;
				ALWAYS_EMBED_SWIFT_STANDARD_LIBRARIES = YES;
				CODE_SIGN_STYLE = Automatic;
				CURRENT_PROJECT_VERSION = 1;
				DEVELOPMENT_TEAM = 36V5S393N9;
				GENERATE_INFOPLIST_FILE = YES;
				MACOSX_DEPLOYMENT_TARGET = 12.3;
				MARKETING_VERSION = 1.0;
				PRODUCT_BUNDLE_IDENTIFIER = com.wayt.timer.PresentersTests;
				PRODUCT_NAME = "$(TARGET_NAME)";
				SDKROOT = macosx;
				SUPPORTED_PLATFORMS = "watchsimulator watchos macosx iphonesimulator iphoneos driverkit appletvsimulator appletvos";
				SUPPORTS_MACCATALYST = YES;
				SWIFT_EMIT_LOC_STRINGS = NO;
				SWIFT_VERSION = 5.0;
			};
			name = Release;
		};
		9F2929B12882046300DAD9E9 /* Debug */ = {
			isa = XCBuildConfiguration;
			buildSettings = {
				ALLOW_TARGET_PLATFORM_SPECIALIZATION = YES;
				CODE_SIGN_STYLE = Automatic;
				COMBINE_HIDPI_IMAGES = YES;
				CURRENT_PROJECT_VERSION = 1;
				DEFINES_MODULE = YES;
				DEVELOPMENT_TEAM = 36V5S393N9;
				DYLIB_COMPATIBILITY_VERSION = 1;
				DYLIB_CURRENT_VERSION = 1;
				DYLIB_INSTALL_NAME_BASE = "@rpath";
				GENERATE_INFOPLIST_FILE = YES;
				INFOPLIST_KEY_NSHumanReadableCopyright = "";
				INSTALL_PATH = "$(LOCAL_LIBRARY_DIR)/Frameworks";
				LD_RUNPATH_SEARCH_PATHS = (
					"$(inherited)",
					"@executable_path/../Frameworks",
					"@loader_path/Frameworks",
				);
				MACOSX_DEPLOYMENT_TARGET = 12.3;
				MARKETING_VERSION = 1.0;
				PRODUCT_BUNDLE_IDENTIFIER = com.wayt.timer.UseCases;
				PRODUCT_NAME = "$(TARGET_NAME:c99extidentifier)";
				SDKROOT = macosx;
				SKIP_INSTALL = YES;
				SUPPORTED_PLATFORMS = "watchsimulator watchos macosx iphonesimulator iphoneos driverkit appletvsimulator appletvos";
				SUPPORTS_MACCATALYST = YES;
				SWIFT_EMIT_LOC_STRINGS = YES;
				SWIFT_VERSION = 5.0;
				VERSIONING_SYSTEM = "apple-generic";
				VERSION_INFO_PREFIX = "";
			};
			name = Debug;
		};
		9F2929B22882046300DAD9E9 /* Release */ = {
			isa = XCBuildConfiguration;
			buildSettings = {
				ALLOW_TARGET_PLATFORM_SPECIALIZATION = YES;
				CODE_SIGN_STYLE = Automatic;
				COMBINE_HIDPI_IMAGES = YES;
				CURRENT_PROJECT_VERSION = 1;
				DEFINES_MODULE = YES;
				DEVELOPMENT_TEAM = 36V5S393N9;
				DYLIB_COMPATIBILITY_VERSION = 1;
				DYLIB_CURRENT_VERSION = 1;
				DYLIB_INSTALL_NAME_BASE = "@rpath";
				GENERATE_INFOPLIST_FILE = YES;
				INFOPLIST_KEY_NSHumanReadableCopyright = "";
				INSTALL_PATH = "$(LOCAL_LIBRARY_DIR)/Frameworks";
				LD_RUNPATH_SEARCH_PATHS = (
					"$(inherited)",
					"@executable_path/../Frameworks",
					"@loader_path/Frameworks",
				);
				MACOSX_DEPLOYMENT_TARGET = 12.3;
				MARKETING_VERSION = 1.0;
				PRODUCT_BUNDLE_IDENTIFIER = com.wayt.timer.UseCases;
				PRODUCT_NAME = "$(TARGET_NAME:c99extidentifier)";
				SDKROOT = macosx;
				SKIP_INSTALL = YES;
				SUPPORTED_PLATFORMS = "watchsimulator watchos macosx iphonesimulator iphoneos driverkit appletvsimulator appletvos";
				SUPPORTS_MACCATALYST = YES;
				SWIFT_EMIT_LOC_STRINGS = YES;
				SWIFT_VERSION = 5.0;
				VERSIONING_SYSTEM = "apple-generic";
				VERSION_INFO_PREFIX = "";
			};
			name = Release;
		};
		9F2929B42882046300DAD9E9 /* Debug */ = {
			isa = XCBuildConfiguration;
			buildSettings = {
				ALLOW_TARGET_PLATFORM_SPECIALIZATION = YES;
				ALWAYS_EMBED_SWIFT_STANDARD_LIBRARIES = YES;
				CODE_SIGN_STYLE = Automatic;
				CURRENT_PROJECT_VERSION = 1;
				DEVELOPMENT_TEAM = 36V5S393N9;
				GENERATE_INFOPLIST_FILE = YES;
				MACOSX_DEPLOYMENT_TARGET = 12.3;
				MARKETING_VERSION = 1.0;
				PRODUCT_BUNDLE_IDENTIFIER = com.wayt.timer.UseCasesTests;
				PRODUCT_NAME = "$(TARGET_NAME)";
				SDKROOT = macosx;
				SUPPORTED_PLATFORMS = "watchsimulator watchos macosx iphonesimulator iphoneos driverkit appletvsimulator appletvos";
				SUPPORTS_MACCATALYST = YES;
				SWIFT_EMIT_LOC_STRINGS = NO;
				SWIFT_VERSION = 5.0;
			};
			name = Debug;
		};
		9F2929B52882046300DAD9E9 /* Release */ = {
			isa = XCBuildConfiguration;
			buildSettings = {
				ALLOW_TARGET_PLATFORM_SPECIALIZATION = YES;
				ALWAYS_EMBED_SWIFT_STANDARD_LIBRARIES = YES;
				CODE_SIGN_STYLE = Automatic;
				CURRENT_PROJECT_VERSION = 1;
				DEVELOPMENT_TEAM = 36V5S393N9;
				GENERATE_INFOPLIST_FILE = YES;
				MACOSX_DEPLOYMENT_TARGET = 12.3;
				MARKETING_VERSION = 1.0;
				PRODUCT_BUNDLE_IDENTIFIER = com.wayt.timer.UseCasesTests;
				PRODUCT_NAME = "$(TARGET_NAME)";
				SDKROOT = macosx;
				SUPPORTED_PLATFORMS = "watchsimulator watchos macosx iphonesimulator iphoneos driverkit appletvsimulator appletvos";
				SUPPORTS_MACCATALYST = YES;
				SWIFT_EMIT_LOC_STRINGS = NO;
				SWIFT_VERSION = 5.0;
			};
			name = Release;
		};
		9F2929CF2882047600DAD9E9 /* Debug */ = {
			isa = XCBuildConfiguration;
			buildSettings = {
				ALLOW_TARGET_PLATFORM_SPECIALIZATION = YES;
				CODE_SIGN_STYLE = Automatic;
				COMBINE_HIDPI_IMAGES = YES;
				CURRENT_PROJECT_VERSION = 1;
				DEFINES_MODULE = YES;
				DEVELOPMENT_TEAM = 36V5S393N9;
				DYLIB_COMPATIBILITY_VERSION = 1;
				DYLIB_CURRENT_VERSION = 1;
				DYLIB_INSTALL_NAME_BASE = "@rpath";
				GENERATE_INFOPLIST_FILE = YES;
				INFOPLIST_KEY_NSHumanReadableCopyright = "";
				INSTALL_PATH = "$(LOCAL_LIBRARY_DIR)/Frameworks";
				LD_RUNPATH_SEARCH_PATHS = (
					"$(inherited)",
					"@executable_path/../Frameworks",
					"@loader_path/Frameworks",
				);
				MACOSX_DEPLOYMENT_TARGET = 12.3;
				MARKETING_VERSION = 1.0;
				PRODUCT_BUNDLE_IDENTIFIER = com.wayt.timer.SwiftUIView;
				PRODUCT_NAME = "$(TARGET_NAME:c99extidentifier)";
				SDKROOT = macosx;
				SKIP_INSTALL = YES;
				SUPPORTED_PLATFORMS = "watchsimulator watchos macosx iphonesimulator iphoneos driverkit appletvsimulator appletvos";
				SUPPORTS_MACCATALYST = YES;
				SWIFT_EMIT_LOC_STRINGS = YES;
				SWIFT_VERSION = 5.0;
				VERSIONING_SYSTEM = "apple-generic";
				VERSION_INFO_PREFIX = "";
			};
			name = Debug;
		};
		9F2929D02882047600DAD9E9 /* Release */ = {
			isa = XCBuildConfiguration;
			buildSettings = {
				ALLOW_TARGET_PLATFORM_SPECIALIZATION = YES;
				CODE_SIGN_STYLE = Automatic;
				COMBINE_HIDPI_IMAGES = YES;
				CURRENT_PROJECT_VERSION = 1;
				DEFINES_MODULE = YES;
				DEVELOPMENT_TEAM = 36V5S393N9;
				DYLIB_COMPATIBILITY_VERSION = 1;
				DYLIB_CURRENT_VERSION = 1;
				DYLIB_INSTALL_NAME_BASE = "@rpath";
				GENERATE_INFOPLIST_FILE = YES;
				INFOPLIST_KEY_NSHumanReadableCopyright = "";
				INSTALL_PATH = "$(LOCAL_LIBRARY_DIR)/Frameworks";
				LD_RUNPATH_SEARCH_PATHS = (
					"$(inherited)",
					"@executable_path/../Frameworks",
					"@loader_path/Frameworks",
				);
				MACOSX_DEPLOYMENT_TARGET = 12.3;
				MARKETING_VERSION = 1.0;
				PRODUCT_BUNDLE_IDENTIFIER = com.wayt.timer.SwiftUIView;
				PRODUCT_NAME = "$(TARGET_NAME:c99extidentifier)";
				SDKROOT = macosx;
				SKIP_INSTALL = YES;
				SUPPORTED_PLATFORMS = "watchsimulator watchos macosx iphonesimulator iphoneos driverkit appletvsimulator appletvos";
				SUPPORTS_MACCATALYST = YES;
				SWIFT_EMIT_LOC_STRINGS = YES;
				SWIFT_VERSION = 5.0;
				VERSIONING_SYSTEM = "apple-generic";
				VERSION_INFO_PREFIX = "";
			};
			name = Release;
		};
		9F2929D22882047600DAD9E9 /* Debug */ = {
			isa = XCBuildConfiguration;
			buildSettings = {
				ALLOW_TARGET_PLATFORM_SPECIALIZATION = YES;
				ALWAYS_EMBED_SWIFT_STANDARD_LIBRARIES = YES;
				CODE_SIGN_STYLE = Automatic;
				CURRENT_PROJECT_VERSION = 1;
				DEVELOPMENT_TEAM = 36V5S393N9;
				GENERATE_INFOPLIST_FILE = YES;
				MACOSX_DEPLOYMENT_TARGET = 12.3;
				MARKETING_VERSION = 1.0;
				PRODUCT_BUNDLE_IDENTIFIER = com.wayt.timer.SwiftUIViewTests;
				PRODUCT_NAME = "$(TARGET_NAME)";
				SDKROOT = macosx;
				SUPPORTED_PLATFORMS = "watchsimulator watchos macosx iphonesimulator iphoneos driverkit appletvsimulator appletvos";
				SUPPORTS_MACCATALYST = YES;
				SWIFT_EMIT_LOC_STRINGS = NO;
				SWIFT_VERSION = 5.0;
			};
			name = Debug;
		};
		9F2929D32882047600DAD9E9 /* Release */ = {
			isa = XCBuildConfiguration;
			buildSettings = {
				ALLOW_TARGET_PLATFORM_SPECIALIZATION = YES;
				ALWAYS_EMBED_SWIFT_STANDARD_LIBRARIES = YES;
				CODE_SIGN_STYLE = Automatic;
				CURRENT_PROJECT_VERSION = 1;
				DEVELOPMENT_TEAM = 36V5S393N9;
				GENERATE_INFOPLIST_FILE = YES;
				MACOSX_DEPLOYMENT_TARGET = 12.3;
				MARKETING_VERSION = 1.0;
				PRODUCT_BUNDLE_IDENTIFIER = com.wayt.timer.SwiftUIViewTests;
				PRODUCT_NAME = "$(TARGET_NAME)";
				SDKROOT = macosx;
				SUPPORTED_PLATFORMS = "watchsimulator watchos macosx iphonesimulator iphoneos driverkit appletvsimulator appletvos";
				SUPPORTS_MACCATALYST = YES;
				SWIFT_EMIT_LOC_STRINGS = NO;
				SWIFT_VERSION = 5.0;
			};
			name = Release;
		};
		9F2929FD288208FD00DAD9E9 /* Debug */ = {
			isa = XCBuildConfiguration;
			buildSettings = {
				ALLOW_TARGET_PLATFORM_SPECIALIZATION = YES;
				CODE_SIGN_STYLE = Automatic;
				COMBINE_HIDPI_IMAGES = YES;
				CURRENT_PROJECT_VERSION = 1;
				DEFINES_MODULE = YES;
				DEVELOPMENT_TEAM = 36V5S393N9;
				DYLIB_COMPATIBILITY_VERSION = 1;
				DYLIB_CURRENT_VERSION = 1;
				DYLIB_INSTALL_NAME_BASE = "@rpath";
				GENERATE_INFOPLIST_FILE = YES;
				INFOPLIST_KEY_NSHumanReadableCopyright = "";
				INSTALL_PATH = "$(LOCAL_LIBRARY_DIR)/Frameworks";
				LD_RUNPATH_SEARCH_PATHS = (
					"$(inherited)",
					"@executable_path/../Frameworks",
					"@loader_path/Frameworks",
				);
				MACOSX_DEPLOYMENT_TARGET = 12.3;
				MARKETING_VERSION = 1.0;
				PRODUCT_BUNDLE_IDENTIFIER = com.wayt.timer.XibView;
				PRODUCT_NAME = "$(TARGET_NAME:c99extidentifier)";
				SDKROOT = macosx;
				SKIP_INSTALL = YES;
				SUPPORTED_PLATFORMS = "watchsimulator watchos macosx iphonesimulator iphoneos driverkit appletvsimulator appletvos";
				SUPPORTS_MACCATALYST = YES;
				SWIFT_EMIT_LOC_STRINGS = YES;
				SWIFT_VERSION = 5.0;
				VERSIONING_SYSTEM = "apple-generic";
				VERSION_INFO_PREFIX = "";
			};
			name = Debug;
		};
		9F2929FE288208FD00DAD9E9 /* Release */ = {
			isa = XCBuildConfiguration;
			buildSettings = {
				ALLOW_TARGET_PLATFORM_SPECIALIZATION = YES;
				CODE_SIGN_STYLE = Automatic;
				COMBINE_HIDPI_IMAGES = YES;
				CURRENT_PROJECT_VERSION = 1;
				DEFINES_MODULE = YES;
				DEVELOPMENT_TEAM = 36V5S393N9;
				DYLIB_COMPATIBILITY_VERSION = 1;
				DYLIB_CURRENT_VERSION = 1;
				DYLIB_INSTALL_NAME_BASE = "@rpath";
				GENERATE_INFOPLIST_FILE = YES;
				INFOPLIST_KEY_NSHumanReadableCopyright = "";
				INSTALL_PATH = "$(LOCAL_LIBRARY_DIR)/Frameworks";
				LD_RUNPATH_SEARCH_PATHS = (
					"$(inherited)",
					"@executable_path/../Frameworks",
					"@loader_path/Frameworks",
				);
				MACOSX_DEPLOYMENT_TARGET = 12.3;
				MARKETING_VERSION = 1.0;
				PRODUCT_BUNDLE_IDENTIFIER = com.wayt.timer.XibView;
				PRODUCT_NAME = "$(TARGET_NAME:c99extidentifier)";
				SDKROOT = macosx;
				SKIP_INSTALL = YES;
				SUPPORTED_PLATFORMS = "watchsimulator watchos macosx iphonesimulator iphoneos driverkit appletvsimulator appletvos";
				SUPPORTS_MACCATALYST = YES;
				SWIFT_EMIT_LOC_STRINGS = YES;
				SWIFT_VERSION = 5.0;
				VERSIONING_SYSTEM = "apple-generic";
				VERSION_INFO_PREFIX = "";
			};
			name = Release;
		};
		9F292A00288208FD00DAD9E9 /* Debug */ = {
			isa = XCBuildConfiguration;
			buildSettings = {
				ALLOW_TARGET_PLATFORM_SPECIALIZATION = YES;
				ALWAYS_EMBED_SWIFT_STANDARD_LIBRARIES = YES;
				CODE_SIGN_STYLE = Automatic;
				CURRENT_PROJECT_VERSION = 1;
				DEVELOPMENT_TEAM = 36V5S393N9;
				GENERATE_INFOPLIST_FILE = YES;
				MACOSX_DEPLOYMENT_TARGET = 12.3;
				MARKETING_VERSION = 1.0;
				PRODUCT_BUNDLE_IDENTIFIER = com.wayt.timer.XibViewTests;
				PRODUCT_NAME = "$(TARGET_NAME)";
				SDKROOT = macosx;
				SUPPORTED_PLATFORMS = "watchsimulator watchos macosx iphonesimulator iphoneos driverkit appletvsimulator appletvos";
				SUPPORTS_MACCATALYST = YES;
				SWIFT_EMIT_LOC_STRINGS = NO;
				SWIFT_VERSION = 5.0;
			};
			name = Debug;
		};
		9F292A01288208FD00DAD9E9 /* Release */ = {
			isa = XCBuildConfiguration;
			buildSettings = {
				ALLOW_TARGET_PLATFORM_SPECIALIZATION = YES;
				ALWAYS_EMBED_SWIFT_STANDARD_LIBRARIES = YES;
				CODE_SIGN_STYLE = Automatic;
				CURRENT_PROJECT_VERSION = 1;
				DEVELOPMENT_TEAM = 36V5S393N9;
				GENERATE_INFOPLIST_FILE = YES;
				MACOSX_DEPLOYMENT_TARGET = 12.3;
				MARKETING_VERSION = 1.0;
				PRODUCT_BUNDLE_IDENTIFIER = com.wayt.timer.XibViewTests;
				PRODUCT_NAME = "$(TARGET_NAME)";
				SDKROOT = macosx;
				SUPPORTED_PLATFORMS = "watchsimulator watchos macosx iphonesimulator iphoneos driverkit appletvsimulator appletvos";
				SUPPORTS_MACCATALYST = YES;
				SWIFT_EMIT_LOC_STRINGS = NO;
				SWIFT_VERSION = 5.0;
			};
			name = Release;
		};
/* End XCBuildConfiguration section */

/* Begin XCConfigurationList section */
		9F29287E2880B8D400DAD9E9 /* Build configuration list for PBXProject "Clean" */ = {
			isa = XCConfigurationList;
			buildConfigurations = (
				9F29288F2880B8D600DAD9E9 /* Debug */,
				9F2928902880B8D600DAD9E9 /* Release */,
			);
			defaultConfigurationIsVisible = 0;
			defaultConfigurationName = Release;
		};
		9F2928912880B8D600DAD9E9 /* Build configuration list for PBXNativeTarget "Clean" */ = {
			isa = XCConfigurationList;
			buildConfigurations = (
				9F2928922880B8D600DAD9E9 /* Debug */,
				9F2928932880B8D600DAD9E9 /* Release */,
			);
			defaultConfigurationIsVisible = 0;
			defaultConfigurationName = Release;
		};
		9F2929752882043100DAD9E9 /* Build configuration list for PBXNativeTarget "Entities" */ = {
			isa = XCConfigurationList;
			buildConfigurations = (
				9F2929762882043100DAD9E9 /* Debug */,
				9F2929772882043100DAD9E9 /* Release */,
			);
			defaultConfigurationIsVisible = 0;
			defaultConfigurationName = Release;
		};
		9F2929782882043100DAD9E9 /* Build configuration list for PBXNativeTarget "EntitiesTests" */ = {
			isa = XCConfigurationList;
			buildConfigurations = (
				9F2929792882043100DAD9E9 /* Debug */,
				9F29297A2882043100DAD9E9 /* Release */,
			);
			defaultConfigurationIsVisible = 0;
			defaultConfigurationName = Release;
		};
		9F2929922882044D00DAD9E9 /* Build configuration list for PBXNativeTarget "Presenters" */ = {
			isa = XCConfigurationList;
			buildConfigurations = (
				9F2929932882044D00DAD9E9 /* Debug */,
				9F2929942882044D00DAD9E9 /* Release */,
			);
			defaultConfigurationIsVisible = 0;
			defaultConfigurationName = Release;
		};
		9F2929952882044D00DAD9E9 /* Build configuration list for PBXNativeTarget "PresentersTests" */ = {
			isa = XCConfigurationList;
			buildConfigurations = (
				9F2929962882044D00DAD9E9 /* Debug */,
				9F2929972882044D00DAD9E9 /* Release */,
			);
			defaultConfigurationIsVisible = 0;
			defaultConfigurationName = Release;
		};
		9F2929B02882046300DAD9E9 /* Build configuration list for PBXNativeTarget "UseCases" */ = {
			isa = XCConfigurationList;
			buildConfigurations = (
				9F2929B12882046300DAD9E9 /* Debug */,
				9F2929B22882046300DAD9E9 /* Release */,
			);
			defaultConfigurationIsVisible = 0;
			defaultConfigurationName = Release;
		};
		9F2929B32882046300DAD9E9 /* Build configuration list for PBXNativeTarget "UseCasesTests" */ = {
			isa = XCConfigurationList;
			buildConfigurations = (
				9F2929B42882046300DAD9E9 /* Debug */,
				9F2929B52882046300DAD9E9 /* Release */,
			);
			defaultConfigurationIsVisible = 0;
			defaultConfigurationName = Release;
		};
		9F2929CE2882047600DAD9E9 /* Build configuration list for PBXNativeTarget "SwiftUIView" */ = {
			isa = XCConfigurationList;
			buildConfigurations = (
				9F2929CF2882047600DAD9E9 /* Debug */,
				9F2929D02882047600DAD9E9 /* Release */,
			);
			defaultConfigurationIsVisible = 0;
			defaultConfigurationName = Release;
		};
		9F2929D12882047600DAD9E9 /* Build configuration list for PBXNativeTarget "SwiftUIViewTests" */ = {
			isa = XCConfigurationList;
			buildConfigurations = (
				9F2929D22882047600DAD9E9 /* Debug */,
				9F2929D32882047600DAD9E9 /* Release */,
			);
			defaultConfigurationIsVisible = 0;
			defaultConfigurationName = Release;
		};
		9F2929FC288208FD00DAD9E9 /* Build configuration list for PBXNativeTarget "XibView" */ = {
			isa = XCConfigurationList;
			buildConfigurations = (
				9F2929FD288208FD00DAD9E9 /* Debug */,
				9F2929FE288208FD00DAD9E9 /* Release */,
			);
			defaultConfigurationIsVisible = 0;
			defaultConfigurationName = Release;
		};
		9F2929FF288208FD00DAD9E9 /* Build configuration list for PBXNativeTarget "XibViewTests" */ = {
			isa = XCConfigurationList;
			buildConfigurations = (
				9F292A00288208FD00DAD9E9 /* Debug */,
				9F292A01288208FD00DAD9E9 /* Release */,
			);
			defaultConfigurationIsVisible = 0;
			defaultConfigurationName = Release;
		};
/* End XCConfigurationList section */
	};
	rootObject = 9F29287B2880B8D400DAD9E9 /* Project object */;
}
