// !$*UTF8*$!
{
	archiveVersion = 1;
	classes = {
	};
	objectVersion = 55;
	objects = {

/* Begin PBXBuildFile section */
		9F2928872880B8D400DAD9E9 /* CleanApp.swift in Sources */ = {isa = PBXBuildFile; fileRef = 9F2928862880B8D400DAD9E9 /* CleanApp.swift */; };
		9F2928892880B8D400DAD9E9 /* ContentView.swift in Sources */ = {isa = PBXBuildFile; fileRef = 9F2928882880B8D400DAD9E9 /* ContentView.swift */; };
		9F29288B2880B8D600DAD9E9 /* Assets.xcassets in Resources */ = {isa = PBXBuildFile; fileRef = 9F29288A2880B8D600DAD9E9 /* Assets.xcassets */; };
		9F29288E2880B8D600DAD9E9 /* Preview Assets.xcassets in Resources */ = {isa = PBXBuildFile; fileRef = 9F29288D2880B8D600DAD9E9 /* Preview Assets.xcassets */; };
		9F29289A2880B97400DAD9E9 /* ContentViewModel.swift in Sources */ = {isa = PBXBuildFile; fileRef = 9F2928992880B97400DAD9E9 /* ContentViewModel.swift */; };
		9F29289C2880BA5600DAD9E9 /* IncrementNumberInteractor.swift in Sources */ = {isa = PBXBuildFile; fileRef = 9F29289B2880BA5600DAD9E9 /* IncrementNumberInteractor.swift */; };
		9F29289E2880BA7800DAD9E9 /* Number.swift in Sources */ = {isa = PBXBuildFile; fileRef = 9F29289D2880BA7800DAD9E9 /* Number.swift */; };
		9F2928A02880BACA00DAD9E9 /* DecrementNumberInteractor.swift in Sources */ = {isa = PBXBuildFile; fileRef = 9F29289F2880BACA00DAD9E9 /* DecrementNumberInteractor.swift */; };
		9F2928A22880BCD200DAD9E9 /* NumberPresenter.swift in Sources */ = {isa = PBXBuildFile; fileRef = 9F2928A12880BCD200DAD9E9 /* NumberPresenter.swift */; };
		9F2928A52880BF1800DAD9E9 /* NumberFactory.swift in Sources */ = {isa = PBXBuildFile; fileRef = 9F2928A42880BF1800DAD9E9 /* NumberFactory.swift */; };
/* End PBXBuildFile section */

/* Begin PBXFileReference section */
		9F2928832880B8D400DAD9E9 /* Clean.app */ = {isa = PBXFileReference; explicitFileType = wrapper.application; includeInIndex = 0; path = Clean.app; sourceTree = BUILT_PRODUCTS_DIR; };
		9F2928862880B8D400DAD9E9 /* CleanApp.swift */ = {isa = PBXFileReference; lastKnownFileType = sourcecode.swift; path = CleanApp.swift; sourceTree = "<group>"; };
		9F2928882880B8D400DAD9E9 /* ContentView.swift */ = {isa = PBXFileReference; lastKnownFileType = sourcecode.swift; path = ContentView.swift; sourceTree = "<group>"; };
		9F29288A2880B8D600DAD9E9 /* Assets.xcassets */ = {isa = PBXFileReference; lastKnownFileType = folder.assetcatalog; path = Assets.xcassets; sourceTree = "<group>"; };
		9F29288D2880B8D600DAD9E9 /* Preview Assets.xcassets */ = {isa = PBXFileReference; lastKnownFileType = folder.assetcatalog; path = "Preview Assets.xcassets"; sourceTree = "<group>"; };
		9F2928992880B97400DAD9E9 /* ContentViewModel.swift */ = {isa = PBXFileReference; lastKnownFileType = sourcecode.swift; path = ContentViewModel.swift; sourceTree = "<group>"; };
		9F29289B2880BA5600DAD9E9 /* IncrementNumberInteractor.swift */ = {isa = PBXFileReference; lastKnownFileType = sourcecode.swift; path = IncrementNumberInteractor.swift; sourceTree = "<group>"; };
		9F29289D2880BA7800DAD9E9 /* Number.swift */ = {isa = PBXFileReference; lastKnownFileType = sourcecode.swift; path = Number.swift; sourceTree = "<group>"; };
		9F29289F2880BACA00DAD9E9 /* DecrementNumberInteractor.swift */ = {isa = PBXFileReference; lastKnownFileType = sourcecode.swift; path = DecrementNumberInteractor.swift; sourceTree = "<group>"; };
		9F2928A12880BCD200DAD9E9 /* NumberPresenter.swift */ = {isa = PBXFileReference; lastKnownFileType = sourcecode.swift; path = NumberPresenter.swift; sourceTree = "<group>"; };
		9F2928A42880BF1800DAD9E9 /* NumberFactory.swift */ = {isa = PBXFileReference; lastKnownFileType = sourcecode.swift; path = NumberFactory.swift; sourceTree = "<group>"; };
/* End PBXFileReference section */

/* Begin PBXFrameworksBuildPhase section */
		9F2928802880B8D400DAD9E9 /* Frameworks */ = {
			isa = PBXFrameworksBuildPhase;
			buildActionMask = 2147483647;
			files = (
			);
			runOnlyForDeploymentPostprocessing = 0;
		};
/* End PBXFrameworksBuildPhase section */

/* Begin PBXGroup section */
		9F29287A2880B8D400DAD9E9 = {
			isa = PBXGroup;
			children = (
				9F2928852880B8D400DAD9E9 /* Clean */,
				9F2928842880B8D400DAD9E9 /* Products */,
			);
			sourceTree = "<group>";
		};
		9F2928842880B8D400DAD9E9 /* Products */ = {
			isa = PBXGroup;
			children = (
				9F2928832880B8D400DAD9E9 /* Clean.app */,
			);
			name = Products;
			sourceTree = "<group>";
		};
		9F2928852880B8D400DAD9E9 /* Clean */ = {
			isa = PBXGroup;
			children = (
				9F2928862880B8D400DAD9E9 /* CleanApp.swift */,
				9F2928A32880BEE700DAD9E9 /* Factory */,
				9F2928982880B94300DAD9E9 /* UI */,
				9F2928972880B93300DAD9E9 /* Presenters */,
				9F2928942880B90D00DAD9E9 /* Entities */,
				9F2928952880B91600DAD9E9 /* Use Cases */,
				9F29288A2880B8D600DAD9E9 /* Assets.xcassets */,
				9F29288C2880B8D600DAD9E9 /* Preview Content */,
			);
			path = Clean;
			sourceTree = "<group>";
		};
		9F29288C2880B8D600DAD9E9 /* Preview Content */ = {
			isa = PBXGroup;
			children = (
				9F29288D2880B8D600DAD9E9 /* Preview Assets.xcassets */,
			);
			path = "Preview Content";
			sourceTree = "<group>";
		};
		9F2928942880B90D00DAD9E9 /* Entities */ = {
			isa = PBXGroup;
			children = (
				9F29289D2880BA7800DAD9E9 /* Number.swift */,
			);
			path = Entities;
			sourceTree = "<group>";
		};
		9F2928952880B91600DAD9E9 /* Use Cases */ = {
			isa = PBXGroup;
			children = (
				9F29289B2880BA5600DAD9E9 /* IncrementNumberInteractor.swift */,
				9F29289F2880BACA00DAD9E9 /* DecrementNumberInteractor.swift */,
			);
			path = "Use Cases";
			sourceTree = "<group>";
		};
		9F2928972880B93300DAD9E9 /* Presenters */ = {
			isa = PBXGroup;
			children = (
				9F2928A12880BCD200DAD9E9 /* NumberPresenter.swift */,
			);
			path = Presenters;
			sourceTree = "<group>";
		};
		9F2928982880B94300DAD9E9 /* UI */ = {
			isa = PBXGroup;
			children = (
				9F2928882880B8D400DAD9E9 /* ContentView.swift */,
				9F2928992880B97400DAD9E9 /* ContentViewModel.swift */,
			);
			path = UI;
			sourceTree = "<group>";
		};
		9F2928A32880BEE700DAD9E9 /* Factory */ = {
			isa = PBXGroup;
			children = (
				9F2928A42880BF1800DAD9E9 /* NumberFactory.swift */,
			);
			path = Factory;
			sourceTree = "<group>";
		};
/* End PBXGroup section */

/* Begin PBXNativeTarget section */
		9F2928822880B8D400DAD9E9 /* Clean */ = {
			isa = PBXNativeTarget;
			buildConfigurationList = 9F2928912880B8D600DAD9E9 /* Build configuration list for PBXNativeTarget "Clean" */;
			buildPhases = (
				9F29287F2880B8D400DAD9E9 /* Sources */,
				9F2928802880B8D400DAD9E9 /* Frameworks */,
				9F2928812880B8D400DAD9E9 /* Resources */,
			);
			buildRules = (
			);
			dependencies = (
			);
			name = Clean;
			productName = Clean;
			productReference = 9F2928832880B8D400DAD9E9 /* Clean.app */;
			productType = "com.apple.product-type.application";
		};
/* End PBXNativeTarget section */

/* Begin PBXProject section */
		9F29287B2880B8D400DAD9E9 /* Project object */ = {
			isa = PBXProject;
			attributes = {
				BuildIndependentTargetsInParallel = 1;
				LastSwiftUpdateCheck = 1340;
				LastUpgradeCheck = 1340;
				TargetAttributes = {
					9F2928822880B8D400DAD9E9 = {
						CreatedOnToolsVersion = 13.4.1;
					};
				};
			};
			buildConfigurationList = 9F29287E2880B8D400DAD9E9 /* Build configuration list for PBXProject "Clean" */;
			compatibilityVersion = "Xcode 13.0";
			developmentRegion = en;
			hasScannedForEncodings = 0;
			knownRegions = (
				en,
				Base,
			);
			mainGroup = 9F29287A2880B8D400DAD9E9;
			productRefGroup = 9F2928842880B8D400DAD9E9 /* Products */;
			projectDirPath = "";
			projectRoot = "";
			targets = (
				9F2928822880B8D400DAD9E9 /* Clean */,
			);
		};
/* End PBXProject section */

/* Begin PBXResourcesBuildPhase section */
		9F2928812880B8D400DAD9E9 /* Resources */ = {
			isa = PBXResourcesBuildPhase;
			buildActionMask = 2147483647;
			files = (
				9F29288E2880B8D600DAD9E9 /* Preview Assets.xcassets in Resources */,
				9F29288B2880B8D600DAD9E9 /* Assets.xcassets in Resources */,
			);
			runOnlyForDeploymentPostprocessing = 0;
		};
/* End PBXResourcesBuildPhase section */

/* Begin PBXSourcesBuildPhase section */
		9F29287F2880B8D400DAD9E9 /* Sources */ = {
			isa = PBXSourcesBuildPhase;
			buildActionMask = 2147483647;
			files = (
				9F29289E2880BA7800DAD9E9 /* Number.swift in Sources */,
				9F2928A02880BACA00DAD9E9 /* DecrementNumberInteractor.swift in Sources */,
				9F2928A22880BCD200DAD9E9 /* NumberPresenter.swift in Sources */,
				9F2928892880B8D400DAD9E9 /* ContentView.swift in Sources */,
				9F2928872880B8D400DAD9E9 /* CleanApp.swift in Sources */,
				9F29289A2880B97400DAD9E9 /* ContentViewModel.swift in Sources */,
				9F29289C2880BA5600DAD9E9 /* IncrementNumberInteractor.swift in Sources */,
				9F2928A52880BF1800DAD9E9 /* NumberFactory.swift in Sources */,
			);
			runOnlyForDeploymentPostprocessing = 0;
		};
/* End PBXSourcesBuildPhase section */

/* Begin XCBuildConfiguration section */
		9F29288F2880B8D600DAD9E9 /* Debug */ = {
			isa = XCBuildConfiguration;
			buildSettings = {
				ALWAYS_SEARCH_USER_PATHS = NO;
				CLANG_ANALYZER_NONNULL = YES;
				CLANG_ANALYZER_NUMBER_OBJECT_CONVERSION = YES_AGGRESSIVE;
				CLANG_CXX_LANGUAGE_STANDARD = "gnu++17";
				CLANG_ENABLE_MODULES = YES;
				CLANG_ENABLE_OBJC_ARC = YES;
				CLANG_ENABLE_OBJC_WEAK = YES;
				CLANG_WARN_BLOCK_CAPTURE_AUTORELEASING = YES;
				CLANG_WARN_BOOL_CONVERSION = YES;
				CLANG_WARN_COMMA = YES;
				CLANG_WARN_CONSTANT_CONVERSION = YES;
				CLANG_WARN_DEPRECATED_OBJC_IMPLEMENTATIONS = YES;
				CLANG_WARN_DIRECT_OBJC_ISA_USAGE = YES_ERROR;
				CLANG_WARN_DOCUMENTATION_COMMENTS = YES;
				CLANG_WARN_EMPTY_BODY = YES;
				CLANG_WARN_ENUM_CONVERSION = YES;
				CLANG_WARN_INFINITE_RECURSION = YES;
				CLANG_WARN_INT_CONVERSION = YES;
				CLANG_WARN_NON_LITERAL_NULL_CONVERSION = YES;
				CLANG_WARN_OBJC_IMPLICIT_RETAIN_SELF = YES;
				CLANG_WARN_OBJC_LITERAL_CONVERSION = YES;
				CLANG_WARN_OBJC_ROOT_CLASS = YES_ERROR;
				CLANG_WARN_QUOTED_INCLUDE_IN_FRAMEWORK_HEADER = YES;
				CLANG_WARN_RANGE_LOOP_ANALYSIS = YES;
				CLANG_WARN_STRICT_PROTOTYPES = YES;
				CLANG_WARN_SUSPICIOUS_MOVE = YES;
				CLANG_WARN_UNGUARDED_AVAILABILITY = YES_AGGRESSIVE;
				CLANG_WARN_UNREACHABLE_CODE = YES;
				CLANG_WARN__DUPLICATE_METHOD_MATCH = YES;
				COPY_PHASE_STRIP = NO;
				DEBUG_INFORMATION_FORMAT = dwarf;
				ENABLE_STRICT_OBJC_MSGSEND = YES;
				ENABLE_TESTABILITY = YES;
				GCC_C_LANGUAGE_STANDARD = gnu11;
				GCC_DYNAMIC_NO_PIC = NO;
				GCC_NO_COMMON_BLOCKS = YES;
				GCC_OPTIMIZATION_LEVEL = 0;
				GCC_PREPROCESSOR_DEFINITIONS = (
					"DEBUG=1",
					"$(inherited)",
				);
				GCC_WARN_64_TO_32_BIT_CONVERSION = YES;
				GCC_WARN_ABOUT_RETURN_TYPE = YES_ERROR;
				GCC_WARN_UNDECLARED_SELECTOR = YES;
				GCC_WARN_UNINITIALIZED_AUTOS = YES_AGGRESSIVE;
				GCC_WARN_UNUSED_FUNCTION = YES;
				GCC_WARN_UNUSED_VARIABLE = YES;
				IPHONEOS_DEPLOYMENT_TARGET = 15.5;
				MTL_ENABLE_DEBUG_INFO = INCLUDE_SOURCE;
				MTL_FAST_MATH = YES;
				ONLY_ACTIVE_ARCH = YES;
				SDKROOT = iphoneos;
				SWIFT_ACTIVE_COMPILATION_CONDITIONS = DEBUG;
				SWIFT_OPTIMIZATION_LEVEL = "-Onone";
			};
			name = Debug;
		};
		9F2928902880B8D600DAD9E9 /* Release */ = {
			isa = XCBuildConfiguration;
			buildSettings = {
				ALWAYS_SEARCH_USER_PATHS = NO;
				CLANG_ANALYZER_NONNULL = YES;
				CLANG_ANALYZER_NUMBER_OBJECT_CONVERSION = YES_AGGRESSIVE;
				CLANG_CXX_LANGUAGE_STANDARD = "gnu++17";
				CLANG_ENABLE_MODULES = YES;
				CLANG_ENABLE_OBJC_ARC = YES;
				CLANG_ENABLE_OBJC_WEAK = YES;
				CLANG_WARN_BLOCK_CAPTURE_AUTORELEASING = YES;
				CLANG_WARN_BOOL_CONVERSION = YES;
				CLANG_WARN_COMMA = YES;
				CLANG_WARN_CONSTANT_CONVERSION = YES;
				CLANG_WARN_DEPRECATED_OBJC_IMPLEMENTATIONS = YES;
				CLANG_WARN_DIRECT_OBJC_ISA_USAGE = YES_ERROR;
				CLANG_WARN_DOCUMENTATION_COMMENTS = YES;
				CLANG_WARN_EMPTY_BODY = YES;
				CLANG_WARN_ENUM_CONVERSION = YES;
				CLANG_WARN_INFINITE_RECURSION = YES;
				CLANG_WARN_INT_CONVERSION = YES;
				CLANG_WARN_NON_LITERAL_NULL_CONVERSION = YES;
				CLANG_WARN_OBJC_IMPLICIT_RETAIN_SELF = YES;
				CLANG_WARN_OBJC_LITERAL_CONVERSION = YES;
				CLANG_WARN_OBJC_ROOT_CLASS = YES_ERROR;
				CLANG_WARN_QUOTED_INCLUDE_IN_FRAMEWORK_HEADER = YES;
				CLANG_WARN_RANGE_LOOP_ANALYSIS = YES;
				CLANG_WARN_STRICT_PROTOTYPES = YES;
				CLANG_WARN_SUSPICIOUS_MOVE = YES;
				CLANG_WARN_UNGUARDED_AVAILABILITY = YES_AGGRESSIVE;
				CLANG_WARN_UNREACHABLE_CODE = YES;
				CLANG_WARN__DUPLICATE_METHOD_MATCH = YES;
				COPY_PHASE_STRIP = NO;
				DEBUG_INFORMATION_FORMAT = "dwarf-with-dsym";
				ENABLE_NS_ASSERTIONS = NO;
				ENABLE_STRICT_OBJC_MSGSEND = YES;
				GCC_C_LANGUAGE_STANDARD = gnu11;
				GCC_NO_COMMON_BLOCKS = YES;
				GCC_WARN_64_TO_32_BIT_CONVERSION = YES;
				GCC_WARN_ABOUT_RETURN_TYPE = YES_ERROR;
				GCC_WARN_UNDECLARED_SELECTOR = YES;
				GCC_WARN_UNINITIALIZED_AUTOS = YES_AGGRESSIVE;
				GCC_WARN_UNUSED_FUNCTION = YES;
				GCC_WARN_UNUSED_VARIABLE = YES;
				IPHONEOS_DEPLOYMENT_TARGET = 15.5;
				MTL_ENABLE_DEBUG_INFO = NO;
				MTL_FAST_MATH = YES;
				SDKROOT = iphoneos;
				SWIFT_COMPILATION_MODE = wholemodule;
				SWIFT_OPTIMIZATION_LEVEL = "-O";
				VALIDATE_PRODUCT = YES;
			};
			name = Release;
		};
		9F2928922880B8D600DAD9E9 /* Debug */ = {
			isa = XCBuildConfiguration;
			buildSettings = {
				ASSETCATALOG_COMPILER_APPICON_NAME = AppIcon;
				ASSETCATALOG_COMPILER_GLOBAL_ACCENT_COLOR_NAME = AccentColor;
				CODE_SIGN_STYLE = Automatic;
				CURRENT_PROJECT_VERSION = 1;
				DEVELOPMENT_ASSET_PATHS = "\"Clean/Preview Content\"";
				DEVELOPMENT_TEAM = 36V5S393N9;
				ENABLE_PREVIEWS = YES;
				GENERATE_INFOPLIST_FILE = YES;
				INFOPLIST_KEY_UIApplicationSceneManifest_Generation = YES;
				INFOPLIST_KEY_UIApplicationSupportsIndirectInputEvents = YES;
				INFOPLIST_KEY_UILaunchScreen_Generation = YES;
				INFOPLIST_KEY_UISupportedInterfaceOrientations_iPad = "UIInterfaceOrientationPortrait UIInterfaceOrientationPortraitUpsideDown UIInterfaceOrientationLandscapeLeft UIInterfaceOrientationLandscapeRight";
				INFOPLIST_KEY_UISupportedInterfaceOrientations_iPhone = "UIInterfaceOrientationPortrait UIInterfaceOrientationLandscapeLeft UIInterfaceOrientationLandscapeRight";
				LD_RUNPATH_SEARCH_PATHS = (
					"$(inherited)",
					"@executable_path/Frameworks",
				);
				MARKETING_VERSION = 1.0;
				PRODUCT_BUNDLE_IDENTIFIER = com.wayt.timer.Clean;
				PRODUCT_NAME = "$(TARGET_NAME)";
				SWIFT_EMIT_LOC_STRINGS = YES;
				SWIFT_VERSION = 5.0;
				TARGETED_DEVICE_FAMILY = "1,2";
			};
			name = Debug;
		};
		9F2928932880B8D600DAD9E9 /* Release */ = {
			isa = XCBuildConfiguration;
			buildSettings = {
				ASSETCATALOG_COMPILER_APPICON_NAME = AppIcon;
				ASSETCATALOG_COMPILER_GLOBAL_ACCENT_COLOR_NAME = AccentColor;
				CODE_SIGN_STYLE = Automatic;
				CURRENT_PROJECT_VERSION = 1;
				DEVELOPMENT_ASSET_PATHS = "\"Clean/Preview Content\"";
				DEVELOPMENT_TEAM = 36V5S393N9;
				ENABLE_PREVIEWS = YES;
				GENERATE_INFOPLIST_FILE = YES;
				INFOPLIST_KEY_UIApplicationSceneManifest_Generation = YES;
				INFOPLIST_KEY_UIApplicationSupportsIndirectInputEvents = YES;
				INFOPLIST_KEY_UILaunchScreen_Generation = YES;
				INFOPLIST_KEY_UISupportedInterfaceOrientations_iPad = "UIInterfaceOrientationPortrait UIInterfaceOrientationPortraitUpsideDown UIInterfaceOrientationLandscapeLeft UIInterfaceOrientationLandscapeRight";
				INFOPLIST_KEY_UISupportedInterfaceOrientations_iPhone = "UIInterfaceOrientationPortrait UIInterfaceOrientationLandscapeLeft UIInterfaceOrientationLandscapeRight";
				LD_RUNPATH_SEARCH_PATHS = (
					"$(inherited)",
					"@executable_path/Frameworks",
				);
				MARKETING_VERSION = 1.0;
				PRODUCT_BUNDLE_IDENTIFIER = com.wayt.timer.Clean;
				PRODUCT_NAME = "$(TARGET_NAME)";
				SWIFT_EMIT_LOC_STRINGS = YES;
				SWIFT_VERSION = 5.0;
				TARGETED_DEVICE_FAMILY = "1,2";
			};
			name = Release;
		};
/* End XCBuildConfiguration section */

/* Begin XCConfigurationList section */
		9F29287E2880B8D400DAD9E9 /* Build configuration list for PBXProject "Clean" */ = {
			isa = XCConfigurationList;
			buildConfigurations = (
				9F29288F2880B8D600DAD9E9 /* Debug */,
				9F2928902880B8D600DAD9E9 /* Release */,
			);
			defaultConfigurationIsVisible = 0;
			defaultConfigurationName = Release;
		};
		9F2928912880B8D600DAD9E9 /* Build configuration list for PBXNativeTarget "Clean" */ = {
			isa = XCConfigurationList;
			buildConfigurations = (
				9F2928922880B8D600DAD9E9 /* Debug */,
				9F2928932880B8D600DAD9E9 /* Release */,
			);
			defaultConfigurationIsVisible = 0;
			defaultConfigurationName = Release;
		};
/* End XCConfigurationList section */
	};
	rootObject = 9F29287B2880B8D400DAD9E9 /* Project object */;
}
